
Microsoft Visual Studio Solution File, Format Version 12.00
# Visual Studio 15
VisualStudioVersion = 15.0.28307.852
MinimumVisualStudioVersion = 10.0.40219.1
Project("{8BC9CEB8-8B4A-11D0-8D11-00A0C91BC942}") = "1_01_EmptyWindow", "1_01_EmptyWindow\1_01_EmptyWindow.vcxproj", "{C211F7E9-5857-49BE-8F56-3E3BFDAF1EB0}"
EndProject
Project("{8BC9CEB8-8B4A-11D0-8D11-00A0C91BC942}") = "1_02_DrawTriangle", "1_02_DrawTriangle\1_02_DrawTriangle.vcxproj", "{8C051919-D3E8-4C8D-94C6-32FF1D7916CD}"
EndProject
Project("{8BC9CEB8-8B4A-11D0-8D11-00A0C91BC942}") = "1_03_DrawRectangle", "1_03_DrawRectangle\1_03_DrawRectangle.vcxproj", "{E96EA3F2-FF3C-4B56-A971-AEA8D7BFE635}"
EndProject
Project("{8BC9CEB8-8B4A-11D0-8D11-00A0C91BC942}") = "1_04_Shaders", "1_04_Shaders\1_04_Shaders.vcxproj", "{C3F20E93-0B80-4CED-9AAC-BAE89305969F}"
EndProject
Project("{8BC9CEB8-8B4A-11D0-8D11-00A0C91BC942}") = "1_05_Uniform", "1_05_Uniform\1_05_Uniform.vcxproj", "{5C36E956-2A28-4AF8-B3D2-4850DC42A2D6}"
EndProject
Project("{8BC9CEB8-8B4A-11D0-8D11-00A0C91BC942}") = "1_06_MoreAttrib", "1_06_MoreAttrib\1_06_MoreAttrib.vcxproj", "{7A100619-5A5C-49D9-A135-E5A90E2C7B78}"
EndProject
Project("{8BC9CEB8-8B4A-11D0-8D11-00A0C91BC942}") = "1_07_Texture", "1_07_Texture\1_07_Texture.vcxproj", "{9F91203D-9764-44EF-895A-4FB29E293E8A}"
EndProject
Project("{8BC9CEB8-8B4A-11D0-8D11-00A0C91BC942}") = "1_08_TextureCombined", "1_08_TextureCombined\1_08_TextureCombined.vcxproj", "{CBC077C3-C1D6-4001-82D1-64203E25FA65}"
EndProject
Project("{8BC9CEB8-8B4A-11D0-8D11-00A0C91BC942}") = "1_09_UseGLM", "1_09_UseGLM\1_09_UseGLM.vcxproj", "{1486C18C-CDFB-4082-A309-27422469B69D}"
EndProject
Project("{8BC9CEB8-8B4A-11D0-8D11-00A0C91BC942}") = "1_10_Projection", "1_10_Projection\1_10_Projection.vcxproj", "{E280DF76-DC38-4E6E-8EE1-52EF91BFC53D}"
EndProject
Project("{8BC9CEB8-8B4A-11D0-8D11-00A0C91BC942}") = "1_11_Camera", "1_11_Camera\1_11_Camera.vcxproj", "{1F6FFF7D-9633-468E-B7E8-D533220B70B6}"
EndProject
Project("{8BC9CEB8-8B4A-11D0-8D11-00A0C91BC942}") = "1_12_UseKeyMoveCamera", "1_12_UseKeyMoveCamera\1_12_UseKeyMoveCamera.vcxproj", "{662186D7-FAAC-45BB-B7A2-8F26C39FBD75}"
EndProject
Project("{8BC9CEB8-8B4A-11D0-8D11-00A0C91BC942}") = "1_13_UseMouseMoveCamera", "1_13_UseMouseMoveCamera\1_13_UseMouseMoveCamera.vcxproj", "{402F58E9-23F1-4B38-A0AB-42D0DD03E907}"
EndProject
Project("{8BC9CEB8-8B4A-11D0-8D11-00A0C91BC942}") = "1_14_CameraClass", "1_14_CameraClass\1_14_CameraClass.vcxproj", "{DA4A5B49-3DC5-47A3-B04F-2902DCB6671C}"
EndProject
Project("{8BC9CEB8-8B4A-11D0-8D11-00A0C91BC942}") = "2_01_AddLight", "2_01_Light\2_01_Light.vcxproj", "{C9C6CA82-D8D1-4009-B904-8F88651CCB96}"
EndProject
Project("{8BC9CEB8-8B4A-11D0-8D11-00A0C91BC942}") = "2_02_BasicLight", "2_02_BasicLight\2_02_BasicLight.vcxproj", "{B6E21D81-3884-47C1-8B37-2E2F05E24AB8}"
EndProject
Project("{8BC9CEB8-8B4A-11D0-8D11-00A0C91BC942}") = "2_03_Materials", "2_03_Materials\2_03_Materials.vcxproj", "{B2976019-DB88-447F-BB64-70E78C4D48BA}"
EndProject
Project("{8BC9CEB8-8B4A-11D0-8D11-00A0C91BC942}") = "2_04_LightingMaps", "2_04_LightingMaps\2_04_LightingMaps.vcxproj", "{F59D8755-EF5B-496C-B62E-C63E74693D00}"
EndProject
Project("{8BC9CEB8-8B4A-11D0-8D11-00A0C91BC942}") = "2_05_LightCasters", "2_05_LightCasters\2_05_LightCasters.vcxproj", "{DEEDBFE1-3E41-4414-93C5-468E45932660}"
EndProject
Project("{8BC9CEB8-8B4A-11D0-8D11-00A0C91BC942}") = "2_06_FlashLight", "2_06_FlashLight\2_06_FlashLight.vcxproj", "{DF140378-401E-4E82-BFC6-5A942DA0A617}"
EndProject
Project("{8BC9CEB8-8B4A-11D0-8D11-00A0C91BC942}") = "2_07_MultipleLights", "2_07_MultipleLights\MultipleLights.vcxproj", "{4F288C6D-FFD0-4026-90D3-46E44654ADC3}"
EndProject
Project("{8BC9CEB8-8B4A-11D0-8D11-00A0C91BC942}") = "3_01_AssImp", "3_01_AssImp\3_01_AssImp.vcxproj", "{3C57BE5B-2FCE-4C48-9120-C2BE303A34C1}"
EndProject
Project("{8BC9CEB8-8B4A-11D0-8D11-00A0C91BC942}") = "4_01_DepthTesting", "4_01_DepthTesting\4_01_DepthTesting.vcxproj", "{08DD8E14-FECB-4525-8B1C-717CCE6CCFC8}"
EndProject
Global
	GlobalSection(SolutionConfigurationPlatforms) = preSolution
		Debug|x64 = Debug|x64
		Debug|x86 = Debug|x86
		Release|x64 = Release|x64
		Release|x86 = Release|x86
	EndGlobalSection
	GlobalSection(ProjectConfigurationPlatforms) = postSolution
		{C211F7E9-5857-49BE-8F56-3E3BFDAF1EB0}.Debug|x64.ActiveCfg = Debug|Win32
		{C211F7E9-5857-49BE-8F56-3E3BFDAF1EB0}.Debug|x86.ActiveCfg = Debug|Win32
		{C211F7E9-5857-49BE-8F56-3E3BFDAF1EB0}.Debug|x86.Build.0 = Debug|Win32
		{C211F7E9-5857-49BE-8F56-3E3BFDAF1EB0}.Release|x64.ActiveCfg = Release|Win32
		{C211F7E9-5857-49BE-8F56-3E3BFDAF1EB0}.Release|x86.ActiveCfg = Release|Win32
		{C211F7E9-5857-49BE-8F56-3E3BFDAF1EB0}.Release|x86.Build.0 = Release|Win32
		{8C051919-D3E8-4C8D-94C6-32FF1D7916CD}.Debug|x64.ActiveCfg = Debug|Win32
		{8C051919-D3E8-4C8D-94C6-32FF1D7916CD}.Debug|x86.ActiveCfg = Debug|Win32
		{8C051919-D3E8-4C8D-94C6-32FF1D7916CD}.Debug|x86.Build.0 = Debug|Win32
		{8C051919-D3E8-4C8D-94C6-32FF1D7916CD}.Release|x64.ActiveCfg = Release|Win32
		{8C051919-D3E8-4C8D-94C6-32FF1D7916CD}.Release|x86.ActiveCfg = Release|Win32
		{8C051919-D3E8-4C8D-94C6-32FF1D7916CD}.Release|x86.Build.0 = Release|Win32
		{E96EA3F2-FF3C-4B56-A971-AEA8D7BFE635}.Debug|x64.ActiveCfg = Debug|Win32
		{E96EA3F2-FF3C-4B56-A971-AEA8D7BFE635}.Debug|x86.ActiveCfg = Debug|Win32
		{E96EA3F2-FF3C-4B56-A971-AEA8D7BFE635}.Debug|x86.Build.0 = Debug|Win32
		{E96EA3F2-FF3C-4B56-A971-AEA8D7BFE635}.Release|x64.ActiveCfg = Release|Win32
		{E96EA3F2-FF3C-4B56-A971-AEA8D7BFE635}.Release|x86.ActiveCfg = Release|Win32
		{E96EA3F2-FF3C-4B56-A971-AEA8D7BFE635}.Release|x86.Build.0 = Release|Win32
		{C3F20E93-0B80-4CED-9AAC-BAE89305969F}.Debug|x64.ActiveCfg = Debug|Win32
		{C3F20E93-0B80-4CED-9AAC-BAE89305969F}.Debug|x86.ActiveCfg = Debug|Win32
		{C3F20E93-0B80-4CED-9AAC-BAE89305969F}.Debug|x86.Build.0 = Debug|Win32
		{C3F20E93-0B80-4CED-9AAC-BAE89305969F}.Release|x64.ActiveCfg = Release|Win32
		{C3F20E93-0B80-4CED-9AAC-BAE89305969F}.Release|x86.ActiveCfg = Release|Win32
		{C3F20E93-0B80-4CED-9AAC-BAE89305969F}.Release|x86.Build.0 = Release|Win32
		{5C36E956-2A28-4AF8-B3D2-4850DC42A2D6}.Debug|x64.ActiveCfg = Debug|Win32
		{5C36E956-2A28-4AF8-B3D2-4850DC42A2D6}.Debug|x86.ActiveCfg = Debug|Win32
		{5C36E956-2A28-4AF8-B3D2-4850DC42A2D6}.Debug|x86.Build.0 = Debug|Win32
		{5C36E956-2A28-4AF8-B3D2-4850DC42A2D6}.Release|x64.ActiveCfg = Release|Win32
		{5C36E956-2A28-4AF8-B3D2-4850DC42A2D6}.Release|x86.ActiveCfg = Release|Win32
		{5C36E956-2A28-4AF8-B3D2-4850DC42A2D6}.Release|x86.Build.0 = Release|Win32
		{7A100619-5A5C-49D9-A135-E5A90E2C7B78}.Debug|x64.ActiveCfg = Debug|Win32
		{7A100619-5A5C-49D9-A135-E5A90E2C7B78}.Debug|x86.ActiveCfg = Debug|Win32
		{7A100619-5A5C-49D9-A135-E5A90E2C7B78}.Debug|x86.Build.0 = Debug|Win32
		{7A100619-5A5C-49D9-A135-E5A90E2C7B78}.Release|x64.ActiveCfg = Release|Win32
		{7A100619-5A5C-49D9-A135-E5A90E2C7B78}.Release|x86.ActiveCfg = Release|Win32
		{7A100619-5A5C-49D9-A135-E5A90E2C7B78}.Release|x86.Build.0 = Release|Win32
		{9F91203D-9764-44EF-895A-4FB29E293E8A}.Debug|x64.ActiveCfg = Debug|x64
		{9F91203D-9764-44EF-895A-4FB29E293E8A}.Debug|x64.Build.0 = Debug|x64
		{9F91203D-9764-44EF-895A-4FB29E293E8A}.Debug|x86.ActiveCfg = Debug|Win32
		{9F91203D-9764-44EF-895A-4FB29E293E8A}.Debug|x86.Build.0 = Debug|Win32
		{9F91203D-9764-44EF-895A-4FB29E293E8A}.Release|x64.ActiveCfg = Release|x64
		{9F91203D-9764-44EF-895A-4FB29E293E8A}.Release|x64.Build.0 = Release|x64
		{9F91203D-9764-44EF-895A-4FB29E293E8A}.Release|x86.ActiveCfg = Release|Win32
		{9F91203D-9764-44EF-895A-4FB29E293E8A}.Release|x86.Build.0 = Release|Win32
		{CBC077C3-C1D6-4001-82D1-64203E25FA65}.Debug|x64.ActiveCfg = Debug|x64
		{CBC077C3-C1D6-4001-82D1-64203E25FA65}.Debug|x64.Build.0 = Debug|x64
		{CBC077C3-C1D6-4001-82D1-64203E25FA65}.Debug|x86.ActiveCfg = Debug|Win32
		{CBC077C3-C1D6-4001-82D1-64203E25FA65}.Debug|x86.Build.0 = Debug|Win32
		{CBC077C3-C1D6-4001-82D1-64203E25FA65}.Release|x64.ActiveCfg = Release|x64
		{CBC077C3-C1D6-4001-82D1-64203E25FA65}.Release|x64.Build.0 = Release|x64
		{CBC077C3-C1D6-4001-82D1-64203E25FA65}.Release|x86.ActiveCfg = Release|Win32
		{CBC077C3-C1D6-4001-82D1-64203E25FA65}.Release|x86.Build.0 = Release|Win32
		{1486C18C-CDFB-4082-A309-27422469B69D}.Debug|x64.ActiveCfg = Debug|x64
		{1486C18C-CDFB-4082-A309-27422469B69D}.Debug|x64.Build.0 = Debug|x64
		{1486C18C-CDFB-4082-A309-27422469B69D}.Debug|x86.ActiveCfg = Debug|Win32
		{1486C18C-CDFB-4082-A309-27422469B69D}.Debug|x86.Build.0 = Debug|Win32
		{1486C18C-CDFB-4082-A309-27422469B69D}.Release|x64.ActiveCfg = Release|x64
		{1486C18C-CDFB-4082-A309-27422469B69D}.Release|x64.Build.0 = Release|x64
		{1486C18C-CDFB-4082-A309-27422469B69D}.Release|x86.ActiveCfg = Release|Win32
		{1486C18C-CDFB-4082-A309-27422469B69D}.Release|x86.Build.0 = Release|Win32
		{E280DF76-DC38-4E6E-8EE1-52EF91BFC53D}.Debug|x64.ActiveCfg = Debug|x64
		{E280DF76-DC38-4E6E-8EE1-52EF91BFC53D}.Debug|x64.Build.0 = Debug|x64
		{E280DF76-DC38-4E6E-8EE1-52EF91BFC53D}.Debug|x86.ActiveCfg = Debug|Win32
		{E280DF76-DC38-4E6E-8EE1-52EF91BFC53D}.Debug|x86.Build.0 = Debug|Win32
		{E280DF76-DC38-4E6E-8EE1-52EF91BFC53D}.Release|x64.ActiveCfg = Release|x64
		{E280DF76-DC38-4E6E-8EE1-52EF91BFC53D}.Release|x64.Build.0 = Release|x64
		{E280DF76-DC38-4E6E-8EE1-52EF91BFC53D}.Release|x86.ActiveCfg = Release|Win32
		{E280DF76-DC38-4E6E-8EE1-52EF91BFC53D}.Release|x86.Build.0 = Release|Win32
		{1F6FFF7D-9633-468E-B7E8-D533220B70B6}.Debug|x64.ActiveCfg = Debug|x64
		{1F6FFF7D-9633-468E-B7E8-D533220B70B6}.Debug|x64.Build.0 = Debug|x64
		{1F6FFF7D-9633-468E-B7E8-D533220B70B6}.Debug|x86.ActiveCfg = Debug|Win32
		{1F6FFF7D-9633-468E-B7E8-D533220B70B6}.Debug|x86.Build.0 = Debug|Win32
		{1F6FFF7D-9633-468E-B7E8-D533220B70B6}.Release|x64.ActiveCfg = Release|x64
		{1F6FFF7D-9633-468E-B7E8-D533220B70B6}.Release|x64.Build.0 = Release|x64
		{1F6FFF7D-9633-468E-B7E8-D533220B70B6}.Release|x86.ActiveCfg = Release|Win32
		{1F6FFF7D-9633-468E-B7E8-D533220B70B6}.Release|x86.Build.0 = Release|Win32
		{662186D7-FAAC-45BB-B7A2-8F26C39FBD75}.Debug|x64.ActiveCfg = Debug|x64
		{662186D7-FAAC-45BB-B7A2-8F26C39FBD75}.Debug|x64.Build.0 = Debug|x64
		{662186D7-FAAC-45BB-B7A2-8F26C39FBD75}.Debug|x86.ActiveCfg = Debug|Win32
		{662186D7-FAAC-45BB-B7A2-8F26C39FBD75}.Debug|x86.Build.0 = Debug|Win32
		{662186D7-FAAC-45BB-B7A2-8F26C39FBD75}.Release|x64.ActiveCfg = Release|x64
		{662186D7-FAAC-45BB-B7A2-8F26C39FBD75}.Release|x64.Build.0 = Release|x64
		{662186D7-FAAC-45BB-B7A2-8F26C39FBD75}.Release|x86.ActiveCfg = Release|Win32
		{662186D7-FAAC-45BB-B7A2-8F26C39FBD75}.Release|x86.Build.0 = Release|Win32
		{402F58E9-23F1-4B38-A0AB-42D0DD03E907}.Debug|x64.ActiveCfg = Debug|x64
		{402F58E9-23F1-4B38-A0AB-42D0DD03E907}.Debug|x64.Build.0 = Debug|x64
		{402F58E9-23F1-4B38-A0AB-42D0DD03E907}.Debug|x86.ActiveCfg = Debug|Win32
		{402F58E9-23F1-4B38-A0AB-42D0DD03E907}.Debug|x86.Build.0 = Debug|Win32
		{402F58E9-23F1-4B38-A0AB-42D0DD03E907}.Release|x64.ActiveCfg = Release|x64
		{402F58E9-23F1-4B38-A0AB-42D0DD03E907}.Release|x64.Build.0 = Release|x64
		{402F58E9-23F1-4B38-A0AB-42D0DD03E907}.Release|x86.ActiveCfg = Release|Win32
		{402F58E9-23F1-4B38-A0AB-42D0DD03E907}.Release|x86.Build.0 = Release|Win32
		{DA4A5B49-3DC5-47A3-B04F-2902DCB6671C}.Debug|x64.ActiveCfg = Debug|x64
		{DA4A5B49-3DC5-47A3-B04F-2902DCB6671C}.Debug|x64.Build.0 = Debug|x64
		{DA4A5B49-3DC5-47A3-B04F-2902DCB6671C}.Debug|x86.ActiveCfg = Debug|Win32
		{DA4A5B49-3DC5-47A3-B04F-2902DCB6671C}.Debug|x86.Build.0 = Debug|Win32
		{DA4A5B49-3DC5-47A3-B04F-2902DCB6671C}.Release|x64.ActiveCfg = Release|x64
		{DA4A5B49-3DC5-47A3-B04F-2902DCB6671C}.Release|x64.Build.0 = Release|x64
		{DA4A5B49-3DC5-47A3-B04F-2902DCB6671C}.Release|x86.ActiveCfg = Release|Win32
		{DA4A5B49-3DC5-47A3-B04F-2902DCB6671C}.Release|x86.Build.0 = Release|Win32
		{C9C6CA82-D8D1-4009-B904-8F88651CCB96}.Debug|x64.ActiveCfg = Debug|x64
		{C9C6CA82-D8D1-4009-B904-8F88651CCB96}.Debug|x64.Build.0 = Debug|x64
		{C9C6CA82-D8D1-4009-B904-8F88651CCB96}.Debug|x86.ActiveCfg = Debug|Win32
		{C9C6CA82-D8D1-4009-B904-8F88651CCB96}.Debug|x86.Build.0 = Debug|Win32
		{C9C6CA82-D8D1-4009-B904-8F88651CCB96}.Release|x64.ActiveCfg = Release|x64
		{C9C6CA82-D8D1-4009-B904-8F88651CCB96}.Release|x64.Build.0 = Release|x64
		{C9C6CA82-D8D1-4009-B904-8F88651CCB96}.Release|x86.ActiveCfg = Release|Win32
		{C9C6CA82-D8D1-4009-B904-8F88651CCB96}.Release|x86.Build.0 = Release|Win32
		{B6E21D81-3884-47C1-8B37-2E2F05E24AB8}.Debug|x64.ActiveCfg = Debug|x64
		{B6E21D81-3884-47C1-8B37-2E2F05E24AB8}.Debug|x64.Build.0 = Debug|x64
		{B6E21D81-3884-47C1-8B37-2E2F05E24AB8}.Debug|x86.ActiveCfg = Debug|Win32
		{B6E21D81-3884-47C1-8B37-2E2F05E24AB8}.Debug|x86.Build.0 = Debug|Win32
		{B6E21D81-3884-47C1-8B37-2E2F05E24AB8}.Release|x64.ActiveCfg = Release|x64
		{B6E21D81-3884-47C1-8B37-2E2F05E24AB8}.Release|x64.Build.0 = Release|x64
		{B6E21D81-3884-47C1-8B37-2E2F05E24AB8}.Release|x86.ActiveCfg = Release|Win32
		{B6E21D81-3884-47C1-8B37-2E2F05E24AB8}.Release|x86.Build.0 = Release|Win32
		{B2976019-DB88-447F-BB64-70E78C4D48BA}.Debug|x64.ActiveCfg = Debug|x64
		{B2976019-DB88-447F-BB64-70E78C4D48BA}.Debug|x64.Build.0 = Debug|x64
		{B2976019-DB88-447F-BB64-70E78C4D48BA}.Debug|x86.ActiveCfg = Debug|Win32
		{B2976019-DB88-447F-BB64-70E78C4D48BA}.Debug|x86.Build.0 = Debug|Win32
		{B2976019-DB88-447F-BB64-70E78C4D48BA}.Release|x64.ActiveCfg = Release|x64
		{B2976019-DB88-447F-BB64-70E78C4D48BA}.Release|x64.Build.0 = Release|x64
		{B2976019-DB88-447F-BB64-70E78C4D48BA}.Release|x86.ActiveCfg = Release|Win32
		{B2976019-DB88-447F-BB64-70E78C4D48BA}.Release|x86.Build.0 = Release|Win32
		{F59D8755-EF5B-496C-B62E-C63E74693D00}.Debug|x64.ActiveCfg = Debug|x64
		{F59D8755-EF5B-496C-B62E-C63E74693D00}.Debug|x64.Build.0 = Debug|x64
		{F59D8755-EF5B-496C-B62E-C63E74693D00}.Debug|x86.ActiveCfg = Debug|Win32
		{F59D8755-EF5B-496C-B62E-C63E74693D00}.Debug|x86.Build.0 = Debug|Win32
		{F59D8755-EF5B-496C-B62E-C63E74693D00}.Release|x64.ActiveCfg = Release|x64
		{F59D8755-EF5B-496C-B62E-C63E74693D00}.Release|x64.Build.0 = Release|x64
		{F59D8755-EF5B-496C-B62E-C63E74693D00}.Release|x86.ActiveCfg = Release|Win32
		{F59D8755-EF5B-496C-B62E-C63E74693D00}.Release|x86.Build.0 = Release|Win32
		{DEEDBFE1-3E41-4414-93C5-468E45932660}.Debug|x64.ActiveCfg = Debug|x64
		{DEEDBFE1-3E41-4414-93C5-468E45932660}.Debug|x64.Build.0 = Debug|x64
		{DEEDBFE1-3E41-4414-93C5-468E45932660}.Debug|x86.ActiveCfg = Debug|Win32
		{DEEDBFE1-3E41-4414-93C5-468E45932660}.Debug|x86.Build.0 = Debug|Win32
		{DEEDBFE1-3E41-4414-93C5-468E45932660}.Release|x64.ActiveCfg = Release|x64
		{DEEDBFE1-3E41-4414-93C5-468E45932660}.Release|x64.Build.0 = Release|x64
		{DEEDBFE1-3E41-4414-93C5-468E45932660}.Release|x86.ActiveCfg = Release|Win32
		{DEEDBFE1-3E41-4414-93C5-468E45932660}.Release|x86.Build.0 = Release|Win32
		{DF140378-401E-4E82-BFC6-5A942DA0A617}.Debug|x64.ActiveCfg = Debug|x64
		{DF140378-401E-4E82-BFC6-5A942DA0A617}.Debug|x64.Build.0 = Debug|x64
		{DF140378-401E-4E82-BFC6-5A942DA0A617}.Debug|x86.ActiveCfg = Debug|Win32
		{DF140378-401E-4E82-BFC6-5A942DA0A617}.Debug|x86.Build.0 = Debug|Win32
		{DF140378-401E-4E82-BFC6-5A942DA0A617}.Release|x64.ActiveCfg = Release|x64
		{DF140378-401E-4E82-BFC6-5A942DA0A617}.Release|x64.Build.0 = Release|x64
		{DF140378-401E-4E82-BFC6-5A942DA0A617}.Release|x86.ActiveCfg = Release|Win32
		{DF140378-401E-4E82-BFC6-5A942DA0A617}.Release|x86.Build.0 = Release|Win32
		{4F288C6D-FFD0-4026-90D3-46E44654ADC3}.Debug|x64.ActiveCfg = Debug|x64
		{4F288C6D-FFD0-4026-90D3-46E44654ADC3}.Debug|x64.Build.0 = Debug|x64
		{4F288C6D-FFD0-4026-90D3-46E44654ADC3}.Debug|x86.ActiveCfg = Debug|Win32
		{4F288C6D-FFD0-4026-90D3-46E44654ADC3}.Debug|x86.Build.0 = Debug|Win32
		{4F288C6D-FFD0-4026-90D3-46E44654ADC3}.Release|x64.ActiveCfg = Release|x64
		{4F288C6D-FFD0-4026-90D3-46E44654ADC3}.Release|x64.Build.0 = Release|x64
		{4F288C6D-FFD0-4026-90D3-46E44654ADC3}.Release|x86.ActiveCfg = Release|Win32
		{4F288C6D-FFD0-4026-90D3-46E44654ADC3}.Release|x86.Build.0 = Release|Win32
		{3C57BE5B-2FCE-4C48-9120-C2BE303A34C1}.Debug|x64.ActiveCfg = Debug|x64
		{3C57BE5B-2FCE-4C48-9120-C2BE303A34C1}.Debug|x64.Build.0 = Debug|x64
		{3C57BE5B-2FCE-4C48-9120-C2BE303A34C1}.Debug|x86.ActiveCfg = Debug|Win32
		{3C57BE5B-2FCE-4C48-9120-C2BE303A34C1}.Debug|x86.Build.0 = Debug|Win32
		{3C57BE5B-2FCE-4C48-9120-C2BE303A34C1}.Release|x64.ActiveCfg = Release|x64
		{3C57BE5B-2FCE-4C48-9120-C2BE303A34C1}.Release|x64.Build.0 = Release|x64
		{3C57BE5B-2FCE-4C48-9120-C2BE303A34C1}.Release|x86.ActiveCfg = Release|Win32
		{3C57BE5B-2FCE-4C48-9120-C2BE303A34C1}.Release|x86.Build.0 = Release|Win32
		{08DD8E14-FECB-4525-8B1C-717CCE6CCFC8}.Debug|x64.ActiveCfg = Debug|x64
		{08DD8E14-FECB-4525-8B1C-717CCE6CCFC8}.Debug|x64.Build.0 = Debug|x64
		{08DD8E14-FECB-4525-8B1C-717CCE6CCFC8}.Debug|x86.ActiveCfg = Debug|Win32
		{08DD8E14-FECB-4525-8B1C-717CCE6CCFC8}.Debug|x86.Build.0 = Debug|Win32
		{08DD8E14-FECB-4525-8B1C-717CCE6CCFC8}.Release|x64.ActiveCfg = Release|x64
		{08DD8E14-FECB-4525-8B1C-717CCE6CCFC8}.Release|x64.Build.0 = Release|x64
		{08DD8E14-FECB-4525-8B1C-717CCE6CCFC8}.Release|x86.ActiveCfg = Release|Win32
		{08DD8E14-FECB-4525-8B1C-717CCE6CCFC8}.Release|x86.Build.0 = Release|Win32
	EndGlobalSection
	GlobalSection(SolutionProperties) = preSolution
		HideSolutionNode = FALSE
	EndGlobalSection
	GlobalSection(ExtensibilityGlobals) = postSolution
		SolutionGuid = {23BE3374-78BF-45CF-9481-77ECB12D44C3}
	EndGlobalSection
EndGlobal
