
Microsoft Visual Studio Solution File, Format Version 12.00
# Visual Studio Version 17
VisualStudioVersion = 17.3.32929.385
MinimumVisualStudioVersion = 10.0.40219.1
Project("{8BC9CEB8-8B4A-11D0-8D11-00A0C91BC942}") = "1_01_EmptyWindow", "1_01_EmptyWindow\1_01_EmptyWindow.vcxproj", "{C211F7E9-5857-49BE-8F56-3E3BFDAF1EB0}"
EndProject
Project("{8BC9CEB8-8B4A-11D0-8D11-00A0C91BC942}") = "1_02_DrawTriangle", "1_02_DrawTriangle\1_02_DrawTriangle.vcxproj", "{8C051919-D3E8-4C8D-94C6-32FF1D7916CD}"
EndProject
Project("{8BC9CEB8-8B4A-11D0-8D11-00A0C91BC942}") = "1_03_DrawRectangle", "1_03_DrawRectangle\1_03_DrawRectangle.vcxproj", "{E96EA3F2-FF3C-4B56-A971-AEA8D7BFE635}"
EndProject
Project("{8BC9CEB8-8B4A-11D0-8D11-00A0C91BC942}") = "1_04_Shaders", "1_04_Shaders\1_04_Shaders.vcxproj", "{C3F20E93-0B80-4CED-9AAC-BAE89305969F}"
EndProject
Project("{8BC9CEB8-8B4A-11D0-8D11-00A0C91BC942}") = "1_05_Uniform", "1_05_Uniform\1_05_Uniform.vcxproj", "{5C36E956-2A28-4AF8-B3D2-4850DC42A2D6}"
EndProject
Project("{8BC9CEB8-8B4A-11D0-8D11-00A0C91BC942}") = "1_06_MoreAttrib", "1_06_MoreAttrib\1_06_MoreAttrib.vcxproj", "{7A100619-5A5C-49D9-A135-E5A90E2C7B78}"
EndProject
Project("{8BC9CEB8-8B4A-11D0-8D11-00A0C91BC942}") = "1_07_Texture", "1_07_Texture\1_07_Texture.vcxproj", "{9F91203D-9764-44EF-895A-4FB29E293E8A}"
EndProject
Project("{8BC9CEB8-8B4A-11D0-8D11-00A0C91BC942}") = "1_08_TextureCombined", "1_08_TextureCombined\1_08_TextureCombined.vcxproj", "{CBC077C3-C1D6-4001-82D1-64203E25FA65}"
EndProject
Project("{8BC9CEB8-8B4A-11D0-8D11-00A0C91BC942}") = "1_09_UseGLM", "1_09_UseGLM\1_09_UseGLM.vcxproj", "{1486C18C-CDFB-4082-A309-27422469B69D}"
EndProject
Project("{8BC9CEB8-8B4A-11D0-8D11-00A0C91BC942}") = "1_10_Projection", "1_10_Projection\1_10_Projection.vcxproj", "{E280DF76-DC38-4E6E-8EE1-52EF91BFC53D}"
EndProject
Project("{8BC9CEB8-8B4A-11D0-8D11-00A0C91BC942}") = "1_11_Camera", "1_11_Camera\1_11_Camera.vcxproj", "{1F6FFF7D-9633-468E-B7E8-D533220B70B6}"
EndProject
Project("{8BC9CEB8-8B4A-11D0-8D11-00A0C91BC942}") = "1_12_UseKeyMoveCamera", "1_12_UseKeyMoveCamera\1_12_UseKeyMoveCamera.vcxproj", "{662186D7-FAAC-45BB-B7A2-8F26C39FBD75}"
EndProject
Project("{8BC9CEB8-8B4A-11D0-8D11-00A0C91BC942}") = "1_13_UseMouseMoveCamera", "1_13_UseMouseMoveCamera\1_13_UseMouseMoveCamera.vcxproj", "{402F58E9-23F1-4B38-A0AB-42D0DD03E907}"
EndProject
Project("{8BC9CEB8-8B4A-11D0-8D11-00A0C91BC942}") = "1_14_CameraClass", "1_14_CameraClass\1_14_CameraClass.vcxproj", "{DA4A5B49-3DC5-47A3-B04F-2902DCB6671C}"
EndProject
Project("{8BC9CEB8-8B4A-11D0-8D11-00A0C91BC942}") = "2_01_AddLight", "2_01_Light\2_01_Light.vcxproj", "{C9C6CA82-D8D1-4009-B904-8F88651CCB96}"
EndProject
Project("{8BC9CEB8-8B4A-11D0-8D11-00A0C91BC942}") = "2_02_BasicLight", "2_02_BasicLight\2_02_BasicLight.vcxproj", "{B6E21D81-3884-47C1-8B37-2E2F05E24AB8}"
EndProject
Project("{8BC9CEB8-8B4A-11D0-8D11-00A0C91BC942}") = "2_03_Materials", "2_03_Materials\2_03_Materials.vcxproj", "{B2976019-DB88-447F-BB64-70E78C4D48BA}"
EndProject
Project("{8BC9CEB8-8B4A-11D0-8D11-00A0C91BC942}") = "2_04_LightingMaps", "2_04_LightingMaps\2_04_LightingMaps.vcxproj", "{F59D8755-EF5B-496C-B62E-C63E74693D00}"
EndProject
Project("{8BC9CEB8-8B4A-11D0-8D11-00A0C91BC942}") = "2_05_LightCasters", "2_05_LightCasters\2_05_LightCasters.vcxproj", "{DEEDBFE1-3E41-4414-93C5-468E45932660}"
EndProject
Project("{8BC9CEB8-8B4A-11D0-8D11-00A0C91BC942}") = "2_06_FlashLight", "2_06_FlashLight\2_06_FlashLight.vcxproj", "{DF140378-401E-4E82-BFC6-5A942DA0A617}"
EndProject
Project("{8BC9CEB8-8B4A-11D0-8D11-00A0C91BC942}") = "2_07_MultipleLights", "2_07_MultipleLights\MultipleLights.vcxproj", "{4F288C6D-FFD0-4026-90D3-46E44654ADC3}"
EndProject
Project("{8BC9CEB8-8B4A-11D0-8D11-00A0C91BC942}") = "3_01_AssImp", "3_01_AssImp\3_01_AssImp.vcxproj", "{3C57BE5B-2FCE-4C48-9120-C2BE303A34C1}"
EndProject
Project("{8BC9CEB8-8B4A-11D0-8D11-00A0C91BC942}") = "4_01_DepthTesting", "4_01_DepthTesting\4_01_DepthTesting.vcxproj", "{08DD8E14-FECB-4525-8B1C-717CCE6CCFC8}"
EndProject
Project("{8BC9CEB8-8B4A-11D0-8D11-00A0C91BC942}") = "4_02_StencilTesting", "4_02_StencilTesting\4_02_StencilTesting.vcxproj", "{4B329B80-EDE6-4EB0-9364-DCFCF6CE45E7}"
EndProject
Project("{8BC9CEB8-8B4A-11D0-8D11-00A0C91BC942}") = "4_03_Blending", "4_03_Blending\4_03_Blending.vcxproj", "{4E5EB098-DD4C-4C0E-B9E7-A9216488134F}"
EndProject
Project("{8BC9CEB8-8B4A-11D0-8D11-00A0C91BC942}") = "4_04_FaceCulling", "4_04_FaceCulling\4_04_FaceCulling.vcxproj", "{1FC052CF-4DA2-43A1-970F-5AB61AF925C6}"
EndProject
Project("{8BC9CEB8-8B4A-11D0-8D11-00A0C91BC942}") = "4_05_Framebuffers", "4_05_Framebuffers\4_05_Framebuffers.vcxproj", "{59174194-5FB4-4E26-BB21-2319DDFFFD2F}"
EndProject
Project("{8BC9CEB8-8B4A-11D0-8D11-00A0C91BC942}") = "4_06_CubeMaps", "4_06_CubeMaps\4_06_CubeMaps.vcxproj", "{78518B7E-FB4B-4ADD-8E8D-0B5E79CF2EB9}"
EndProject
Project("{8BC9CEB8-8B4A-11D0-8D11-00A0C91BC942}") = "4_07_CubeMapsNano", "4_07_CubeMapsNano\4_07_CubeMapsNano.vcxproj", "{36149EA9-B712-44DC-97B7-7DB7C5E61B0C}"
EndProject
Project("{8BC9CEB8-8B4A-11D0-8D11-00A0C91BC942}") = "4_08_UniformBufferObject", "4_08_UniformBuffer\4_08_UniformBuffer.vcxproj", "{DF72D966-E9A6-4B0F-B950-75CD82B08A2D}"
EndProject
Project("{8BC9CEB8-8B4A-11D0-8D11-00A0C91BC942}") = "4_09_GeometryShader", "4_09_GeometryShader\4_09_GeometryShader.vcxproj", "{5D598026-5562-4281-BFD5-441C5B588DD4}"
EndProject
Project("{8BC9CEB8-8B4A-11D0-8D11-00A0C91BC942}") = "4_10_GeometryShaderExplode", "4_10_GeometryShaderExplode\4_10_GeometryShaderExplode.vcxproj", "{DC8A0CC9-ECC0-46B9-997E-B2A34928E12E}"
EndProject
Project("{8BC9CEB8-8B4A-11D0-8D11-00A0C91BC942}") = "4_11_NormalLine", "4_11_NormalLine\4_11_NormalLine.vcxproj", "{918EB3CF-D52C-4602-9835-57736FCF126A}"
EndProject
Project("{8BC9CEB8-8B4A-11D0-8D11-00A0C91BC942}") = "4_12_Instance", "4_12_Instance\4_12_Instance.vcxproj", "{276AF038-CDC0-47AF-BC01-FD8D1D887CD3}"
EndProject
Project("{8BC9CEB8-8B4A-11D0-8D11-00A0C91BC942}") = "4_13_InstanceAsteroids", "4_13_InstanceAsteroids\4_13_InstanceAsteroids.vcxproj", "{172599A8-1DD8-4CEC-852E-8EFE839F950D}"
EndProject
Project("{8BC9CEB8-8B4A-11D0-8D11-00A0C91BC942}") = "4_14_AntiAliasing", "4_14_AntiAliasing\4_14_AntiAliasing.vcxproj", "{FAE6693A-E7FA-4124-9CA2-CDF7936E81CB}"
EndProject
Project("{8BC9CEB8-8B4A-11D0-8D11-00A0C91BC942}") = "5_01_BlinnPhong", "5_01_BlinnPhong\5_01_BlinnPhong.vcxproj", "{BA3349E2-0D4C-4AD0-AA3D-54AF23D581DB}"
EndProject
Project("{8BC9CEB8-8B4A-11D0-8D11-00A0C91BC942}") = "5_02_GammaCorrection", "5_02_GammaCorrection\5_02_GammaCorrection.vcxproj", "{651EFD19-8869-43F2-B3B1-2DD12DD885B9}"
EndProject
Project("{8BC9CEB8-8B4A-11D0-8D11-00A0C91BC942}") = "5_03_ShadowMapping", "5_03_ShadowMapping\5_03_ShadowMapping.vcxproj", "{36B4E6D9-ABA2-4EB8-8609-75753C26DD75}"
EndProject
Project("{8BC9CEB8-8B4A-11D0-8D11-00A0C91BC942}") = "5_04_ShadowMappingPointLight", "5_04_ShadowMappingPointLight\5_04_ShadowMappingPointLight.vcxproj", "{C133D7EF-0E97-4F6D-99F5-E78EA1B4D03D}"
EndProject
Project("{8BC9CEB8-8B4A-11D0-8D11-00A0C91BC942}") = "5_06_ParallaxMapping", "5_06_ParallaxMapping\5_06_ParallaxMapping.vcxproj", "{AAB259B0-8B95-4E1E-86B9-2BF035970F83}"
EndProject
Project("{8BC9CEB8-8B4A-11D0-8D11-00A0C91BC942}") = "7_03_2D-Game", "7_03_2D-Game\7_03_2D-Game.vcxproj", "{2270D863-8EC1-42A8-B770-6011B1816584}"
EndProject
Project("{8BC9CEB8-8B4A-11D0-8D11-00A0C91BC942}") = "7_02_FreeType", "7_02_FreeType\7_02_FreeType.vcxproj", "{B0E87797-5011-4DA6-82EA-1CFEAFC3DED3}"
EndProject
Project("{8BC9CEB8-8B4A-11D0-8D11-00A0C91BC942}") = "6_01_PBR_Lighting", "6_01_PBR_Lighting\6_01_PBR_Lighting.vcxproj", "{88D261A5-3A26-453A-BCE6-B3F269AC9ED2}"
EndProject
Project("{8BC9CEB8-8B4A-11D0-8D11-00A0C91BC942}") = "6_02_LightingTextured", "6_02_LightingTextured\6_02_LightingTextured.vcxproj", "{24D0487B-40B2-4790-871C-758DD9F456F5}"
EndProject
Project("{8BC9CEB8-8B4A-11D0-8D11-00A0C91BC942}") = "6_03_IBL_Irradiance_Conversion", "6_03_IBL_Irradiance_Conversion\6_03_IBL_Irradiance_Conversion.vcxproj", "{B779522C-53AC-4658-88BE-35192481F6DA}"
EndProject
Project("{8BC9CEB8-8B4A-11D0-8D11-00A0C91BC942}") = "6_04_IBL_Irradiance", "6_04_IBL_Irradiance\6_04_IBL_Irradiance.vcxproj", "{D4E382BE-AF73-4D1A-AA45-F0C17F08004D}"
EndProject
Project("{8BC9CEB8-8B4A-11D0-8D11-00A0C91BC942}") = "6_05_IBL_Specular", "6_05_IBL_Specular\6_05_IBL_Specular.vcxproj", "{3AE0C7FF-3C37-4530-B58F-6466FF7FA9F7}"
EndProject
Project("{8BC9CEB8-8B4A-11D0-8D11-00A0C91BC942}") = "6_06_IBL_SpecularTextured", "6_06_IBL_SpecularTextured\6_06_IBL_SpecularTextured.vcxproj", "{ED2B967C-77FD-4DD7-A213-2C617C21CD20}"
EndProject
Project("{8BC9CEB8-8B4A-11D0-8D11-00A0C91BC942}") = "8_01_Billboards", "8_01_Billboards\8_01_Billboards.vcxproj", "{C32F2A2C-8E11-4A13-8C85-64ACA14906D6}"
EndProject
Project("{8BC9CEB8-8B4A-11D0-8D11-00A0C91BC942}") = "8_02_PickWithHack", "8_02_PickWithHack\8_02_PickWithHack.vcxproj", "{8D9F0F7B-0367-44E9-82A0-E83E95C3F3CB}"
EndProject
Project("{8BC9CEB8-8B4A-11D0-8D11-00A0C91BC942}") = "8_03_ColorBlend", "8_03_ColorBlend\8_03_ColorBlend.vcxproj", "{38CAAC5C-AAEF-4DB3-ACD7-1A5619631B79}"
EndProject
Project("{8BC9CEB8-8B4A-11D0-8D11-00A0C91BC942}") = "4_15_OffScreenMSAA", "4_15_OffScreenMSAA\4_15_OffScreenMSAA.vcxproj", "{D69C5D4E-3B6F-4AC6-9C63-BA870249354C}"
EndProject
Project("{8BC9CEB8-8B4A-11D0-8D11-00A0C91BC942}") = "5_08_DeferredShading", "5_08_DeferredShading\5_08_DeferredShading.vcxproj", "{02E36457-2693-4F96-9AAE-07B681079239}"
EndProject
Project("{8BC9CEB8-8B4A-11D0-8D11-00A0C91BC942}") = "5_09_DeferredShadingVolumes", "5_09_DeferredShadingVolumes\5_09_DeferredShadingVolumes.vcxproj", "{E337979B-8C21-4FCE-96BF-6064A26633C5}"
EndProject
Project("{8BC9CEB8-8B4A-11D0-8D11-00A0C91BC942}") = "8_04_ShaderPrintf", "8_04_ShaderPrintf\8_04_ShaderPrintf.vcxproj", "{47166490-D402-4A21-A886-34700F88ADB6}"
EndProject
Project("{8BC9CEB8-8B4A-11D0-8D11-00A0C91BC942}") = "5_07_1_HDR", "5_07_1_HDR\5_07_HDR.vcxproj", "{F822C0C6-E42A-4FFA-896F-7C5C845BDE6D}"
EndProject
Project("{8BC9CEB8-8B4A-11D0-8D11-00A0C91BC942}") = "5_07_2_Bloom", "5_07_2_Bloom\5_07_2_Bloom.vcxproj", "{24246E7C-3C5B-40A0-97EF-E1CF65EFD947}"
EndProject
Project("{8BC9CEB8-8B4A-11D0-8D11-00A0C91BC942}") = "5_10_SSAO", "5_10_SSAO\5_10_SSAO.vcxproj", "{BF670968-8D12-47F6-A73B-70BDEF89A010}"
EndProject
Project("{8BC9CEB8-8B4A-11D0-8D11-00A0C91BC942}") = "5_05_01_NormalMapping", "5_05_01_NormalMapping\5_05_NormalMapping.vcxproj", "{EAF98690-CB20-47C0-8AF8-87D73BF712A2}"
EndProject
Project("{8BC9CEB8-8B4A-11D0-8D11-00A0C91BC942}") = "5_05_02_NormalMappingShowTBN", "5_05_02_NormalMappingShowTBN\5_05_02_NormalMappingShowTBN.vcxproj", "{02574580-A580-48DB-A0E4-F21082A585C3}"
EndProject
Project("{8BC9CEB8-8B4A-11D0-8D11-00A0C91BC942}") = "8_05_skeletal_animation", "8_05_skeletal_animation\8_05_skeletal_animation.vcxproj", "{480A8931-EBDE-4A02-A287-A5D26B86C6ED}"
EndProject
Global
	GlobalSection(SolutionConfigurationPlatforms) = preSolution
		Debug|x64 = Debug|x64
		Debug|x86 = Debug|x86
		Release|x64 = Release|x64
		Release|x86 = Release|x86
	EndGlobalSection
	GlobalSection(ProjectConfigurationPlatforms) = postSolution
		{C211F7E9-5857-49BE-8F56-3E3BFDAF1EB0}.Debug|x64.ActiveCfg = Debug|Win32
		{C211F7E9-5857-49BE-8F56-3E3BFDAF1EB0}.Debug|x86.ActiveCfg = Debug|Win32
		{C211F7E9-5857-49BE-8F56-3E3BFDAF1EB0}.Debug|x86.Build.0 = Debug|Win32
		{C211F7E9-5857-49BE-8F56-3E3BFDAF1EB0}.Release|x64.ActiveCfg = Release|Win32
		{C211F7E9-5857-49BE-8F56-3E3BFDAF1EB0}.Release|x86.ActiveCfg = Release|Win32
		{C211F7E9-5857-49BE-8F56-3E3BFDAF1EB0}.Release|x86.Build.0 = Release|Win32
		{8C051919-D3E8-4C8D-94C6-32FF1D7916CD}.Debug|x64.ActiveCfg = Debug|Win32
		{8C051919-D3E8-4C8D-94C6-32FF1D7916CD}.Debug|x86.ActiveCfg = Debug|Win32
		{8C051919-D3E8-4C8D-94C6-32FF1D7916CD}.Debug|x86.Build.0 = Debug|Win32
		{8C051919-D3E8-4C8D-94C6-32FF1D7916CD}.Release|x64.ActiveCfg = Release|Win32
		{8C051919-D3E8-4C8D-94C6-32FF1D7916CD}.Release|x86.ActiveCfg = Release|Win32
		{8C051919-D3E8-4C8D-94C6-32FF1D7916CD}.Release|x86.Build.0 = Release|Win32
		{E96EA3F2-FF3C-4B56-A971-AEA8D7BFE635}.Debug|x64.ActiveCfg = Debug|Win32
		{E96EA3F2-FF3C-4B56-A971-AEA8D7BFE635}.Debug|x86.ActiveCfg = Debug|Win32
		{E96EA3F2-FF3C-4B56-A971-AEA8D7BFE635}.Debug|x86.Build.0 = Debug|Win32
		{E96EA3F2-FF3C-4B56-A971-AEA8D7BFE635}.Release|x64.ActiveCfg = Release|Win32
		{E96EA3F2-FF3C-4B56-A971-AEA8D7BFE635}.Release|x86.ActiveCfg = Release|Win32
		{E96EA3F2-FF3C-4B56-A971-AEA8D7BFE635}.Release|x86.Build.0 = Release|Win32
		{C3F20E93-0B80-4CED-9AAC-BAE89305969F}.Debug|x64.ActiveCfg = Debug|Win32
		{C3F20E93-0B80-4CED-9AAC-BAE89305969F}.Debug|x86.ActiveCfg = Debug|Win32
		{C3F20E93-0B80-4CED-9AAC-BAE89305969F}.Debug|x86.Build.0 = Debug|Win32
		{C3F20E93-0B80-4CED-9AAC-BAE89305969F}.Release|x64.ActiveCfg = Release|Win32
		{C3F20E93-0B80-4CED-9AAC-BAE89305969F}.Release|x86.ActiveCfg = Release|Win32
		{C3F20E93-0B80-4CED-9AAC-BAE89305969F}.Release|x86.Build.0 = Release|Win32
		{5C36E956-2A28-4AF8-B3D2-4850DC42A2D6}.Debug|x64.ActiveCfg = Debug|Win32
		{5C36E956-2A28-4AF8-B3D2-4850DC42A2D6}.Debug|x86.ActiveCfg = Debug|Win32
		{5C36E956-2A28-4AF8-B3D2-4850DC42A2D6}.Debug|x86.Build.0 = Debug|Win32
		{5C36E956-2A28-4AF8-B3D2-4850DC42A2D6}.Release|x64.ActiveCfg = Release|Win32
		{5C36E956-2A28-4AF8-B3D2-4850DC42A2D6}.Release|x86.ActiveCfg = Release|Win32
		{5C36E956-2A28-4AF8-B3D2-4850DC42A2D6}.Release|x86.Build.0 = Release|Win32
		{7A100619-5A5C-49D9-A135-E5A90E2C7B78}.Debug|x64.ActiveCfg = Debug|Win32
		{7A100619-5A5C-49D9-A135-E5A90E2C7B78}.Debug|x86.ActiveCfg = Debug|Win32
		{7A100619-5A5C-49D9-A135-E5A90E2C7B78}.Debug|x86.Build.0 = Debug|Win32
		{7A100619-5A5C-49D9-A135-E5A90E2C7B78}.Release|x64.ActiveCfg = Release|Win32
		{7A100619-5A5C-49D9-A135-E5A90E2C7B78}.Release|x86.ActiveCfg = Release|Win32
		{7A100619-5A5C-49D9-A135-E5A90E2C7B78}.Release|x86.Build.0 = Release|Win32
		{9F91203D-9764-44EF-895A-4FB29E293E8A}.Debug|x64.ActiveCfg = Debug|x64
		{9F91203D-9764-44EF-895A-4FB29E293E8A}.Debug|x64.Build.0 = Debug|x64
		{9F91203D-9764-44EF-895A-4FB29E293E8A}.Debug|x86.ActiveCfg = Debug|Win32
		{9F91203D-9764-44EF-895A-4FB29E293E8A}.Debug|x86.Build.0 = Debug|Win32
		{9F91203D-9764-44EF-895A-4FB29E293E8A}.Release|x64.ActiveCfg = Release|x64
		{9F91203D-9764-44EF-895A-4FB29E293E8A}.Release|x64.Build.0 = Release|x64
		{9F91203D-9764-44EF-895A-4FB29E293E8A}.Release|x86.ActiveCfg = Release|Win32
		{9F91203D-9764-44EF-895A-4FB29E293E8A}.Release|x86.Build.0 = Release|Win32
		{CBC077C3-C1D6-4001-82D1-64203E25FA65}.Debug|x64.ActiveCfg = Debug|x64
		{CBC077C3-C1D6-4001-82D1-64203E25FA65}.Debug|x64.Build.0 = Debug|x64
		{CBC077C3-C1D6-4001-82D1-64203E25FA65}.Debug|x86.ActiveCfg = Debug|Win32
		{CBC077C3-C1D6-4001-82D1-64203E25FA65}.Debug|x86.Build.0 = Debug|Win32
		{CBC077C3-C1D6-4001-82D1-64203E25FA65}.Release|x64.ActiveCfg = Release|x64
		{CBC077C3-C1D6-4001-82D1-64203E25FA65}.Release|x64.Build.0 = Release|x64
		{CBC077C3-C1D6-4001-82D1-64203E25FA65}.Release|x86.ActiveCfg = Release|Win32
		{CBC077C3-C1D6-4001-82D1-64203E25FA65}.Release|x86.Build.0 = Release|Win32
		{1486C18C-CDFB-4082-A309-27422469B69D}.Debug|x64.ActiveCfg = Debug|x64
		{1486C18C-CDFB-4082-A309-27422469B69D}.Debug|x64.Build.0 = Debug|x64
		{1486C18C-CDFB-4082-A309-27422469B69D}.Debug|x86.ActiveCfg = Debug|Win32
		{1486C18C-CDFB-4082-A309-27422469B69D}.Debug|x86.Build.0 = Debug|Win32
		{1486C18C-CDFB-4082-A309-27422469B69D}.Release|x64.ActiveCfg = Release|x64
		{1486C18C-CDFB-4082-A309-27422469B69D}.Release|x64.Build.0 = Release|x64
		{1486C18C-CDFB-4082-A309-27422469B69D}.Release|x86.ActiveCfg = Release|Win32
		{1486C18C-CDFB-4082-A309-27422469B69D}.Release|x86.Build.0 = Release|Win32
		{E280DF76-DC38-4E6E-8EE1-52EF91BFC53D}.Debug|x64.ActiveCfg = Debug|x64
		{E280DF76-DC38-4E6E-8EE1-52EF91BFC53D}.Debug|x64.Build.0 = Debug|x64
		{E280DF76-DC38-4E6E-8EE1-52EF91BFC53D}.Debug|x86.ActiveCfg = Debug|Win32
		{E280DF76-DC38-4E6E-8EE1-52EF91BFC53D}.Debug|x86.Build.0 = Debug|Win32
		{E280DF76-DC38-4E6E-8EE1-52EF91BFC53D}.Release|x64.ActiveCfg = Release|x64
		{E280DF76-DC38-4E6E-8EE1-52EF91BFC53D}.Release|x64.Build.0 = Release|x64
		{E280DF76-DC38-4E6E-8EE1-52EF91BFC53D}.Release|x86.ActiveCfg = Release|Win32
		{E280DF76-DC38-4E6E-8EE1-52EF91BFC53D}.Release|x86.Build.0 = Release|Win32
		{1F6FFF7D-9633-468E-B7E8-D533220B70B6}.Debug|x64.ActiveCfg = Debug|x64
		{1F6FFF7D-9633-468E-B7E8-D533220B70B6}.Debug|x64.Build.0 = Debug|x64
		{1F6FFF7D-9633-468E-B7E8-D533220B70B6}.Debug|x86.ActiveCfg = Debug|Win32
		{1F6FFF7D-9633-468E-B7E8-D533220B70B6}.Debug|x86.Build.0 = Debug|Win32
		{1F6FFF7D-9633-468E-B7E8-D533220B70B6}.Release|x64.ActiveCfg = Release|x64
		{1F6FFF7D-9633-468E-B7E8-D533220B70B6}.Release|x64.Build.0 = Release|x64
		{1F6FFF7D-9633-468E-B7E8-D533220B70B6}.Release|x86.ActiveCfg = Release|Win32
		{1F6FFF7D-9633-468E-B7E8-D533220B70B6}.Release|x86.Build.0 = Release|Win32
		{662186D7-FAAC-45BB-B7A2-8F26C39FBD75}.Debug|x64.ActiveCfg = Debug|x64
		{662186D7-FAAC-45BB-B7A2-8F26C39FBD75}.Debug|x64.Build.0 = Debug|x64
		{662186D7-FAAC-45BB-B7A2-8F26C39FBD75}.Debug|x86.ActiveCfg = Debug|Win32
		{662186D7-FAAC-45BB-B7A2-8F26C39FBD75}.Debug|x86.Build.0 = Debug|Win32
		{662186D7-FAAC-45BB-B7A2-8F26C39FBD75}.Release|x64.ActiveCfg = Release|x64
		{662186D7-FAAC-45BB-B7A2-8F26C39FBD75}.Release|x64.Build.0 = Release|x64
		{662186D7-FAAC-45BB-B7A2-8F26C39FBD75}.Release|x86.ActiveCfg = Release|Win32
		{662186D7-FAAC-45BB-B7A2-8F26C39FBD75}.Release|x86.Build.0 = Release|Win32
		{402F58E9-23F1-4B38-A0AB-42D0DD03E907}.Debug|x64.ActiveCfg = Debug|x64
		{402F58E9-23F1-4B38-A0AB-42D0DD03E907}.Debug|x64.Build.0 = Debug|x64
		{402F58E9-23F1-4B38-A0AB-42D0DD03E907}.Debug|x86.ActiveCfg = Debug|Win32
		{402F58E9-23F1-4B38-A0AB-42D0DD03E907}.Debug|x86.Build.0 = Debug|Win32
		{402F58E9-23F1-4B38-A0AB-42D0DD03E907}.Release|x64.ActiveCfg = Release|x64
		{402F58E9-23F1-4B38-A0AB-42D0DD03E907}.Release|x64.Build.0 = Release|x64
		{402F58E9-23F1-4B38-A0AB-42D0DD03E907}.Release|x86.ActiveCfg = Release|Win32
		{402F58E9-23F1-4B38-A0AB-42D0DD03E907}.Release|x86.Build.0 = Release|Win32
		{DA4A5B49-3DC5-47A3-B04F-2902DCB6671C}.Debug|x64.ActiveCfg = Debug|x64
		{DA4A5B49-3DC5-47A3-B04F-2902DCB6671C}.Debug|x64.Build.0 = Debug|x64
		{DA4A5B49-3DC5-47A3-B04F-2902DCB6671C}.Debug|x86.ActiveCfg = Debug|Win32
		{DA4A5B49-3DC5-47A3-B04F-2902DCB6671C}.Debug|x86.Build.0 = Debug|Win32
		{DA4A5B49-3DC5-47A3-B04F-2902DCB6671C}.Release|x64.ActiveCfg = Release|x64
		{DA4A5B49-3DC5-47A3-B04F-2902DCB6671C}.Release|x64.Build.0 = Release|x64
		{DA4A5B49-3DC5-47A3-B04F-2902DCB6671C}.Release|x86.ActiveCfg = Release|Win32
		{DA4A5B49-3DC5-47A3-B04F-2902DCB6671C}.Release|x86.Build.0 = Release|Win32
		{C9C6CA82-D8D1-4009-B904-8F88651CCB96}.Debug|x64.ActiveCfg = Debug|x64
		{C9C6CA82-D8D1-4009-B904-8F88651CCB96}.Debug|x64.Build.0 = Debug|x64
		{C9C6CA82-D8D1-4009-B904-8F88651CCB96}.Debug|x86.ActiveCfg = Debug|Win32
		{C9C6CA82-D8D1-4009-B904-8F88651CCB96}.Debug|x86.Build.0 = Debug|Win32
		{C9C6CA82-D8D1-4009-B904-8F88651CCB96}.Release|x64.ActiveCfg = Release|x64
		{C9C6CA82-D8D1-4009-B904-8F88651CCB96}.Release|x64.Build.0 = Release|x64
		{C9C6CA82-D8D1-4009-B904-8F88651CCB96}.Release|x86.ActiveCfg = Release|Win32
		{C9C6CA82-D8D1-4009-B904-8F88651CCB96}.Release|x86.Build.0 = Release|Win32
		{B6E21D81-3884-47C1-8B37-2E2F05E24AB8}.Debug|x64.ActiveCfg = Debug|x64
		{B6E21D81-3884-47C1-8B37-2E2F05E24AB8}.Debug|x64.Build.0 = Debug|x64
		{B6E21D81-3884-47C1-8B37-2E2F05E24AB8}.Debug|x86.ActiveCfg = Debug|Win32
		{B6E21D81-3884-47C1-8B37-2E2F05E24AB8}.Debug|x86.Build.0 = Debug|Win32
		{B6E21D81-3884-47C1-8B37-2E2F05E24AB8}.Release|x64.ActiveCfg = Release|x64
		{B6E21D81-3884-47C1-8B37-2E2F05E24AB8}.Release|x64.Build.0 = Release|x64
		{B6E21D81-3884-47C1-8B37-2E2F05E24AB8}.Release|x86.ActiveCfg = Release|Win32
		{B6E21D81-3884-47C1-8B37-2E2F05E24AB8}.Release|x86.Build.0 = Release|Win32
		{B2976019-DB88-447F-BB64-70E78C4D48BA}.Debug|x64.ActiveCfg = Debug|x64
		{B2976019-DB88-447F-BB64-70E78C4D48BA}.Debug|x64.Build.0 = Debug|x64
		{B2976019-DB88-447F-BB64-70E78C4D48BA}.Debug|x86.ActiveCfg = Debug|Win32
		{B2976019-DB88-447F-BB64-70E78C4D48BA}.Debug|x86.Build.0 = Debug|Win32
		{B2976019-DB88-447F-BB64-70E78C4D48BA}.Release|x64.ActiveCfg = Release|x64
		{B2976019-DB88-447F-BB64-70E78C4D48BA}.Release|x64.Build.0 = Release|x64
		{B2976019-DB88-447F-BB64-70E78C4D48BA}.Release|x86.ActiveCfg = Release|Win32
		{B2976019-DB88-447F-BB64-70E78C4D48BA}.Release|x86.Build.0 = Release|Win32
		{F59D8755-EF5B-496C-B62E-C63E74693D00}.Debug|x64.ActiveCfg = Debug|x64
		{F59D8755-EF5B-496C-B62E-C63E74693D00}.Debug|x64.Build.0 = Debug|x64
		{F59D8755-EF5B-496C-B62E-C63E74693D00}.Debug|x86.ActiveCfg = Debug|Win32
		{F59D8755-EF5B-496C-B62E-C63E74693D00}.Debug|x86.Build.0 = Debug|Win32
		{F59D8755-EF5B-496C-B62E-C63E74693D00}.Release|x64.ActiveCfg = Release|x64
		{F59D8755-EF5B-496C-B62E-C63E74693D00}.Release|x64.Build.0 = Release|x64
		{F59D8755-EF5B-496C-B62E-C63E74693D00}.Release|x86.ActiveCfg = Release|Win32
		{F59D8755-EF5B-496C-B62E-C63E74693D00}.Release|x86.Build.0 = Release|Win32
		{DEEDBFE1-3E41-4414-93C5-468E45932660}.Debug|x64.ActiveCfg = Debug|x64
		{DEEDBFE1-3E41-4414-93C5-468E45932660}.Debug|x64.Build.0 = Debug|x64
		{DEEDBFE1-3E41-4414-93C5-468E45932660}.Debug|x86.ActiveCfg = Debug|Win32
		{DEEDBFE1-3E41-4414-93C5-468E45932660}.Debug|x86.Build.0 = Debug|Win32
		{DEEDBFE1-3E41-4414-93C5-468E45932660}.Release|x64.ActiveCfg = Release|x64
		{DEEDBFE1-3E41-4414-93C5-468E45932660}.Release|x64.Build.0 = Release|x64
		{DEEDBFE1-3E41-4414-93C5-468E45932660}.Release|x86.ActiveCfg = Release|Win32
		{DEEDBFE1-3E41-4414-93C5-468E45932660}.Release|x86.Build.0 = Release|Win32
		{DF140378-401E-4E82-BFC6-5A942DA0A617}.Debug|x64.ActiveCfg = Debug|x64
		{DF140378-401E-4E82-BFC6-5A942DA0A617}.Debug|x64.Build.0 = Debug|x64
		{DF140378-401E-4E82-BFC6-5A942DA0A617}.Debug|x86.ActiveCfg = Debug|Win32
		{DF140378-401E-4E82-BFC6-5A942DA0A617}.Debug|x86.Build.0 = Debug|Win32
		{DF140378-401E-4E82-BFC6-5A942DA0A617}.Release|x64.ActiveCfg = Release|x64
		{DF140378-401E-4E82-BFC6-5A942DA0A617}.Release|x64.Build.0 = Release|x64
		{DF140378-401E-4E82-BFC6-5A942DA0A617}.Release|x86.ActiveCfg = Release|Win32
		{DF140378-401E-4E82-BFC6-5A942DA0A617}.Release|x86.Build.0 = Release|Win32
		{4F288C6D-FFD0-4026-90D3-46E44654ADC3}.Debug|x64.ActiveCfg = Debug|x64
		{4F288C6D-FFD0-4026-90D3-46E44654ADC3}.Debug|x64.Build.0 = Debug|x64
		{4F288C6D-FFD0-4026-90D3-46E44654ADC3}.Debug|x86.ActiveCfg = Debug|Win32
		{4F288C6D-FFD0-4026-90D3-46E44654ADC3}.Debug|x86.Build.0 = Debug|Win32
		{4F288C6D-FFD0-4026-90D3-46E44654ADC3}.Release|x64.ActiveCfg = Release|x64
		{4F288C6D-FFD0-4026-90D3-46E44654ADC3}.Release|x64.Build.0 = Release|x64
		{4F288C6D-FFD0-4026-90D3-46E44654ADC3}.Release|x86.ActiveCfg = Release|Win32
		{4F288C6D-FFD0-4026-90D3-46E44654ADC3}.Release|x86.Build.0 = Release|Win32
		{3C57BE5B-2FCE-4C48-9120-C2BE303A34C1}.Debug|x64.ActiveCfg = Debug|x64
		{3C57BE5B-2FCE-4C48-9120-C2BE303A34C1}.Debug|x64.Build.0 = Debug|x64
		{3C57BE5B-2FCE-4C48-9120-C2BE303A34C1}.Debug|x86.ActiveCfg = Debug|Win32
		{3C57BE5B-2FCE-4C48-9120-C2BE303A34C1}.Debug|x86.Build.0 = Debug|Win32
		{3C57BE5B-2FCE-4C48-9120-C2BE303A34C1}.Release|x64.ActiveCfg = Release|x64
		{3C57BE5B-2FCE-4C48-9120-C2BE303A34C1}.Release|x64.Build.0 = Release|x64
		{3C57BE5B-2FCE-4C48-9120-C2BE303A34C1}.Release|x86.ActiveCfg = Release|Win32
		{3C57BE5B-2FCE-4C48-9120-C2BE303A34C1}.Release|x86.Build.0 = Release|Win32
		{08DD8E14-FECB-4525-8B1C-717CCE6CCFC8}.Debug|x64.ActiveCfg = Debug|x64
		{08DD8E14-FECB-4525-8B1C-717CCE6CCFC8}.Debug|x64.Build.0 = Debug|x64
		{08DD8E14-FECB-4525-8B1C-717CCE6CCFC8}.Debug|x86.ActiveCfg = Debug|Win32
		{08DD8E14-FECB-4525-8B1C-717CCE6CCFC8}.Debug|x86.Build.0 = Debug|Win32
		{08DD8E14-FECB-4525-8B1C-717CCE6CCFC8}.Release|x64.ActiveCfg = Release|x64
		{08DD8E14-FECB-4525-8B1C-717CCE6CCFC8}.Release|x64.Build.0 = Release|x64
		{08DD8E14-FECB-4525-8B1C-717CCE6CCFC8}.Release|x86.ActiveCfg = Release|Win32
		{08DD8E14-FECB-4525-8B1C-717CCE6CCFC8}.Release|x86.Build.0 = Release|Win32
		{4B329B80-EDE6-4EB0-9364-DCFCF6CE45E7}.Debug|x64.ActiveCfg = Debug|x64
		{4B329B80-EDE6-4EB0-9364-DCFCF6CE45E7}.Debug|x64.Build.0 = Debug|x64
		{4B329B80-EDE6-4EB0-9364-DCFCF6CE45E7}.Debug|x86.ActiveCfg = Debug|Win32
		{4B329B80-EDE6-4EB0-9364-DCFCF6CE45E7}.Debug|x86.Build.0 = Debug|Win32
		{4B329B80-EDE6-4EB0-9364-DCFCF6CE45E7}.Release|x64.ActiveCfg = Release|x64
		{4B329B80-EDE6-4EB0-9364-DCFCF6CE45E7}.Release|x64.Build.0 = Release|x64
		{4B329B80-EDE6-4EB0-9364-DCFCF6CE45E7}.Release|x86.ActiveCfg = Release|Win32
		{4B329B80-EDE6-4EB0-9364-DCFCF6CE45E7}.Release|x86.Build.0 = Release|Win32
		{4E5EB098-DD4C-4C0E-B9E7-A9216488134F}.Debug|x64.ActiveCfg = Debug|x64
		{4E5EB098-DD4C-4C0E-B9E7-A9216488134F}.Debug|x64.Build.0 = Debug|x64
		{4E5EB098-DD4C-4C0E-B9E7-A9216488134F}.Debug|x86.ActiveCfg = Debug|Win32
		{4E5EB098-DD4C-4C0E-B9E7-A9216488134F}.Debug|x86.Build.0 = Debug|Win32
		{4E5EB098-DD4C-4C0E-B9E7-A9216488134F}.Release|x64.ActiveCfg = Release|x64
		{4E5EB098-DD4C-4C0E-B9E7-A9216488134F}.Release|x64.Build.0 = Release|x64
		{4E5EB098-DD4C-4C0E-B9E7-A9216488134F}.Release|x86.ActiveCfg = Release|Win32
		{4E5EB098-DD4C-4C0E-B9E7-A9216488134F}.Release|x86.Build.0 = Release|Win32
		{1FC052CF-4DA2-43A1-970F-5AB61AF925C6}.Debug|x64.ActiveCfg = Debug|x64
		{1FC052CF-4DA2-43A1-970F-5AB61AF925C6}.Debug|x64.Build.0 = Debug|x64
		{1FC052CF-4DA2-43A1-970F-5AB61AF925C6}.Debug|x86.ActiveCfg = Debug|Win32
		{1FC052CF-4DA2-43A1-970F-5AB61AF925C6}.Debug|x86.Build.0 = Debug|Win32
		{1FC052CF-4DA2-43A1-970F-5AB61AF925C6}.Release|x64.ActiveCfg = Release|x64
		{1FC052CF-4DA2-43A1-970F-5AB61AF925C6}.Release|x64.Build.0 = Release|x64
		{1FC052CF-4DA2-43A1-970F-5AB61AF925C6}.Release|x86.ActiveCfg = Release|Win32
		{1FC052CF-4DA2-43A1-970F-5AB61AF925C6}.Release|x86.Build.0 = Release|Win32
		{59174194-5FB4-4E26-BB21-2319DDFFFD2F}.Debug|x64.ActiveCfg = Debug|x64
		{59174194-5FB4-4E26-BB21-2319DDFFFD2F}.Debug|x64.Build.0 = Debug|x64
		{59174194-5FB4-4E26-BB21-2319DDFFFD2F}.Debug|x86.ActiveCfg = Debug|Win32
		{59174194-5FB4-4E26-BB21-2319DDFFFD2F}.Debug|x86.Build.0 = Debug|Win32
		{59174194-5FB4-4E26-BB21-2319DDFFFD2F}.Release|x64.ActiveCfg = Release|x64
		{59174194-5FB4-4E26-BB21-2319DDFFFD2F}.Release|x64.Build.0 = Release|x64
		{59174194-5FB4-4E26-BB21-2319DDFFFD2F}.Release|x86.ActiveCfg = Release|Win32
		{59174194-5FB4-4E26-BB21-2319DDFFFD2F}.Release|x86.Build.0 = Release|Win32
		{78518B7E-FB4B-4ADD-8E8D-0B5E79CF2EB9}.Debug|x64.ActiveCfg = Debug|x64
		{78518B7E-FB4B-4ADD-8E8D-0B5E79CF2EB9}.Debug|x64.Build.0 = Debug|x64
		{78518B7E-FB4B-4ADD-8E8D-0B5E79CF2EB9}.Debug|x86.ActiveCfg = Debug|Win32
		{78518B7E-FB4B-4ADD-8E8D-0B5E79CF2EB9}.Debug|x86.Build.0 = Debug|Win32
		{78518B7E-FB4B-4ADD-8E8D-0B5E79CF2EB9}.Release|x64.ActiveCfg = Release|x64
		{78518B7E-FB4B-4ADD-8E8D-0B5E79CF2EB9}.Release|x64.Build.0 = Release|x64
		{78518B7E-FB4B-4ADD-8E8D-0B5E79CF2EB9}.Release|x86.ActiveCfg = Release|Win32
		{78518B7E-FB4B-4ADD-8E8D-0B5E79CF2EB9}.Release|x86.Build.0 = Release|Win32
		{36149EA9-B712-44DC-97B7-7DB7C5E61B0C}.Debug|x64.ActiveCfg = Debug|x64
		{36149EA9-B712-44DC-97B7-7DB7C5E61B0C}.Debug|x64.Build.0 = Debug|x64
		{36149EA9-B712-44DC-97B7-7DB7C5E61B0C}.Debug|x86.ActiveCfg = Debug|Win32
		{36149EA9-B712-44DC-97B7-7DB7C5E61B0C}.Debug|x86.Build.0 = Debug|Win32
		{36149EA9-B712-44DC-97B7-7DB7C5E61B0C}.Release|x64.ActiveCfg = Release|x64
		{36149EA9-B712-44DC-97B7-7DB7C5E61B0C}.Release|x64.Build.0 = Release|x64
		{36149EA9-B712-44DC-97B7-7DB7C5E61B0C}.Release|x86.ActiveCfg = Release|Win32
		{36149EA9-B712-44DC-97B7-7DB7C5E61B0C}.Release|x86.Build.0 = Release|Win32
		{DF72D966-E9A6-4B0F-B950-75CD82B08A2D}.Debug|x64.ActiveCfg = Debug|x64
		{DF72D966-E9A6-4B0F-B950-75CD82B08A2D}.Debug|x64.Build.0 = Debug|x64
		{DF72D966-E9A6-4B0F-B950-75CD82B08A2D}.Debug|x86.ActiveCfg = Debug|Win32
		{DF72D966-E9A6-4B0F-B950-75CD82B08A2D}.Debug|x86.Build.0 = Debug|Win32
		{DF72D966-E9A6-4B0F-B950-75CD82B08A2D}.Release|x64.ActiveCfg = Release|x64
		{DF72D966-E9A6-4B0F-B950-75CD82B08A2D}.Release|x64.Build.0 = Release|x64
		{DF72D966-E9A6-4B0F-B950-75CD82B08A2D}.Release|x86.ActiveCfg = Release|Win32
		{DF72D966-E9A6-4B0F-B950-75CD82B08A2D}.Release|x86.Build.0 = Release|Win32
		{5D598026-5562-4281-BFD5-441C5B588DD4}.Debug|x64.ActiveCfg = Debug|x64
		{5D598026-5562-4281-BFD5-441C5B588DD4}.Debug|x64.Build.0 = Debug|x64
		{5D598026-5562-4281-BFD5-441C5B588DD4}.Debug|x86.ActiveCfg = Debug|Win32
		{5D598026-5562-4281-BFD5-441C5B588DD4}.Debug|x86.Build.0 = Debug|Win32
		{5D598026-5562-4281-BFD5-441C5B588DD4}.Release|x64.ActiveCfg = Release|x64
		{5D598026-5562-4281-BFD5-441C5B588DD4}.Release|x64.Build.0 = Release|x64
		{5D598026-5562-4281-BFD5-441C5B588DD4}.Release|x86.ActiveCfg = Release|Win32
		{5D598026-5562-4281-BFD5-441C5B588DD4}.Release|x86.Build.0 = Release|Win32
		{DC8A0CC9-ECC0-46B9-997E-B2A34928E12E}.Debug|x64.ActiveCfg = Debug|x64
		{DC8A0CC9-ECC0-46B9-997E-B2A34928E12E}.Debug|x64.Build.0 = Debug|x64
		{DC8A0CC9-ECC0-46B9-997E-B2A34928E12E}.Debug|x86.ActiveCfg = Debug|Win32
		{DC8A0CC9-ECC0-46B9-997E-B2A34928E12E}.Debug|x86.Build.0 = Debug|Win32
		{DC8A0CC9-ECC0-46B9-997E-B2A34928E12E}.Release|x64.ActiveCfg = Release|x64
		{DC8A0CC9-ECC0-46B9-997E-B2A34928E12E}.Release|x64.Build.0 = Release|x64
		{DC8A0CC9-ECC0-46B9-997E-B2A34928E12E}.Release|x86.ActiveCfg = Release|Win32
		{DC8A0CC9-ECC0-46B9-997E-B2A34928E12E}.Release|x86.Build.0 = Release|Win32
		{918EB3CF-D52C-4602-9835-57736FCF126A}.Debug|x64.ActiveCfg = Debug|x64
		{918EB3CF-D52C-4602-9835-57736FCF126A}.Debug|x64.Build.0 = Debug|x64
		{918EB3CF-D52C-4602-9835-57736FCF126A}.Debug|x86.ActiveCfg = Debug|Win32
		{918EB3CF-D52C-4602-9835-57736FCF126A}.Debug|x86.Build.0 = Debug|Win32
		{918EB3CF-D52C-4602-9835-57736FCF126A}.Release|x64.ActiveCfg = Release|x64
		{918EB3CF-D52C-4602-9835-57736FCF126A}.Release|x64.Build.0 = Release|x64
		{918EB3CF-D52C-4602-9835-57736FCF126A}.Release|x86.ActiveCfg = Release|Win32
		{918EB3CF-D52C-4602-9835-57736FCF126A}.Release|x86.Build.0 = Release|Win32
		{276AF038-CDC0-47AF-BC01-FD8D1D887CD3}.Debug|x64.ActiveCfg = Debug|x64
		{276AF038-CDC0-47AF-BC01-FD8D1D887CD3}.Debug|x64.Build.0 = Debug|x64
		{276AF038-CDC0-47AF-BC01-FD8D1D887CD3}.Debug|x86.ActiveCfg = Debug|Win32
		{276AF038-CDC0-47AF-BC01-FD8D1D887CD3}.Debug|x86.Build.0 = Debug|Win32
		{276AF038-CDC0-47AF-BC01-FD8D1D887CD3}.Release|x64.ActiveCfg = Release|x64
		{276AF038-CDC0-47AF-BC01-FD8D1D887CD3}.Release|x64.Build.0 = Release|x64
		{276AF038-CDC0-47AF-BC01-FD8D1D887CD3}.Release|x86.ActiveCfg = Release|Win32
		{276AF038-CDC0-47AF-BC01-FD8D1D887CD3}.Release|x86.Build.0 = Release|Win32
		{172599A8-1DD8-4CEC-852E-8EFE839F950D}.Debug|x64.ActiveCfg = Debug|x64
		{172599A8-1DD8-4CEC-852E-8EFE839F950D}.Debug|x64.Build.0 = Debug|x64
		{172599A8-1DD8-4CEC-852E-8EFE839F950D}.Debug|x86.ActiveCfg = Debug|Win32
		{172599A8-1DD8-4CEC-852E-8EFE839F950D}.Debug|x86.Build.0 = Debug|Win32
		{172599A8-1DD8-4CEC-852E-8EFE839F950D}.Release|x64.ActiveCfg = Release|x64
		{172599A8-1DD8-4CEC-852E-8EFE839F950D}.Release|x64.Build.0 = Release|x64
		{172599A8-1DD8-4CEC-852E-8EFE839F950D}.Release|x86.ActiveCfg = Release|Win32
		{172599A8-1DD8-4CEC-852E-8EFE839F950D}.Release|x86.Build.0 = Release|Win32
		{FAE6693A-E7FA-4124-9CA2-CDF7936E81CB}.Debug|x64.ActiveCfg = Debug|x64
		{FAE6693A-E7FA-4124-9CA2-CDF7936E81CB}.Debug|x64.Build.0 = Debug|x64
		{FAE6693A-E7FA-4124-9CA2-CDF7936E81CB}.Debug|x86.ActiveCfg = Debug|Win32
		{FAE6693A-E7FA-4124-9CA2-CDF7936E81CB}.Debug|x86.Build.0 = Debug|Win32
		{FAE6693A-E7FA-4124-9CA2-CDF7936E81CB}.Release|x64.ActiveCfg = Release|x64
		{FAE6693A-E7FA-4124-9CA2-CDF7936E81CB}.Release|x64.Build.0 = Release|x64
		{FAE6693A-E7FA-4124-9CA2-CDF7936E81CB}.Release|x86.ActiveCfg = Release|Win32
		{FAE6693A-E7FA-4124-9CA2-CDF7936E81CB}.Release|x86.Build.0 = Release|Win32
		{BA3349E2-0D4C-4AD0-AA3D-54AF23D581DB}.Debug|x64.ActiveCfg = Debug|x64
		{BA3349E2-0D4C-4AD0-AA3D-54AF23D581DB}.Debug|x64.Build.0 = Debug|x64
		{BA3349E2-0D4C-4AD0-AA3D-54AF23D581DB}.Debug|x86.ActiveCfg = Debug|Win32
		{BA3349E2-0D4C-4AD0-AA3D-54AF23D581DB}.Debug|x86.Build.0 = Debug|Win32
		{BA3349E2-0D4C-4AD0-AA3D-54AF23D581DB}.Release|x64.ActiveCfg = Release|x64
		{BA3349E2-0D4C-4AD0-AA3D-54AF23D581DB}.Release|x64.Build.0 = Release|x64
		{BA3349E2-0D4C-4AD0-AA3D-54AF23D581DB}.Release|x86.ActiveCfg = Release|Win32
		{BA3349E2-0D4C-4AD0-AA3D-54AF23D581DB}.Release|x86.Build.0 = Release|Win32
		{651EFD19-8869-43F2-B3B1-2DD12DD885B9}.Debug|x64.ActiveCfg = Debug|x64
		{651EFD19-8869-43F2-B3B1-2DD12DD885B9}.Debug|x64.Build.0 = Debug|x64
		{651EFD19-8869-43F2-B3B1-2DD12DD885B9}.Debug|x86.ActiveCfg = Debug|Win32
		{651EFD19-8869-43F2-B3B1-2DD12DD885B9}.Debug|x86.Build.0 = Debug|Win32
		{651EFD19-8869-43F2-B3B1-2DD12DD885B9}.Release|x64.ActiveCfg = Release|x64
		{651EFD19-8869-43F2-B3B1-2DD12DD885B9}.Release|x64.Build.0 = Release|x64
		{651EFD19-8869-43F2-B3B1-2DD12DD885B9}.Release|x86.ActiveCfg = Release|Win32
		{651EFD19-8869-43F2-B3B1-2DD12DD885B9}.Release|x86.Build.0 = Release|Win32
		{36B4E6D9-ABA2-4EB8-8609-75753C26DD75}.Debug|x64.ActiveCfg = Debug|x64
		{36B4E6D9-ABA2-4EB8-8609-75753C26DD75}.Debug|x64.Build.0 = Debug|x64
		{36B4E6D9-ABA2-4EB8-8609-75753C26DD75}.Debug|x86.ActiveCfg = Debug|Win32
		{36B4E6D9-ABA2-4EB8-8609-75753C26DD75}.Debug|x86.Build.0 = Debug|Win32
		{36B4E6D9-ABA2-4EB8-8609-75753C26DD75}.Release|x64.ActiveCfg = Release|x64
		{36B4E6D9-ABA2-4EB8-8609-75753C26DD75}.Release|x64.Build.0 = Release|x64
		{36B4E6D9-ABA2-4EB8-8609-75753C26DD75}.Release|x86.ActiveCfg = Release|Win32
		{36B4E6D9-ABA2-4EB8-8609-75753C26DD75}.Release|x86.Build.0 = Release|Win32
		{C133D7EF-0E97-4F6D-99F5-E78EA1B4D03D}.Debug|x64.ActiveCfg = Debug|x64
		{C133D7EF-0E97-4F6D-99F5-E78EA1B4D03D}.Debug|x64.Build.0 = Debug|x64
		{C133D7EF-0E97-4F6D-99F5-E78EA1B4D03D}.Debug|x86.ActiveCfg = Debug|Win32
		{C133D7EF-0E97-4F6D-99F5-E78EA1B4D03D}.Debug|x86.Build.0 = Debug|Win32
		{C133D7EF-0E97-4F6D-99F5-E78EA1B4D03D}.Release|x64.ActiveCfg = Release|x64
		{C133D7EF-0E97-4F6D-99F5-E78EA1B4D03D}.Release|x64.Build.0 = Release|x64
		{C133D7EF-0E97-4F6D-99F5-E78EA1B4D03D}.Release|x86.ActiveCfg = Release|Win32
		{C133D7EF-0E97-4F6D-99F5-E78EA1B4D03D}.Release|x86.Build.0 = Release|Win32
		{AAB259B0-8B95-4E1E-86B9-2BF035970F83}.Debug|x64.ActiveCfg = Debug|x64
		{AAB259B0-8B95-4E1E-86B9-2BF035970F83}.Debug|x64.Build.0 = Debug|x64
		{AAB259B0-8B95-4E1E-86B9-2BF035970F83}.Debug|x86.ActiveCfg = Debug|Win32
		{AAB259B0-8B95-4E1E-86B9-2BF035970F83}.Debug|x86.Build.0 = Debug|Win32
		{AAB259B0-8B95-4E1E-86B9-2BF035970F83}.Release|x64.ActiveCfg = Release|x64
		{AAB259B0-8B95-4E1E-86B9-2BF035970F83}.Release|x64.Build.0 = Release|x64
		{AAB259B0-8B95-4E1E-86B9-2BF035970F83}.Release|x86.ActiveCfg = Release|Win32
		{AAB259B0-8B95-4E1E-86B9-2BF035970F83}.Release|x86.Build.0 = Release|Win32
		{2270D863-8EC1-42A8-B770-6011B1816584}.Debug|x64.ActiveCfg = Debug|x64
		{2270D863-8EC1-42A8-B770-6011B1816584}.Debug|x64.Build.0 = Debug|x64
		{2270D863-8EC1-42A8-B770-6011B1816584}.Debug|x86.ActiveCfg = Debug|Win32
		{2270D863-8EC1-42A8-B770-6011B1816584}.Debug|x86.Build.0 = Debug|Win32
		{2270D863-8EC1-42A8-B770-6011B1816584}.Release|x64.ActiveCfg = Release|x64
		{2270D863-8EC1-42A8-B770-6011B1816584}.Release|x64.Build.0 = Release|x64
		{2270D863-8EC1-42A8-B770-6011B1816584}.Release|x86.ActiveCfg = Release|Win32
		{2270D863-8EC1-42A8-B770-6011B1816584}.Release|x86.Build.0 = Release|Win32
		{B0E87797-5011-4DA6-82EA-1CFEAFC3DED3}.Debug|x64.ActiveCfg = Debug|x64
		{B0E87797-5011-4DA6-82EA-1CFEAFC3DED3}.Debug|x64.Build.0 = Debug|x64
		{B0E87797-5011-4DA6-82EA-1CFEAFC3DED3}.Debug|x86.ActiveCfg = Debug|Win32
		{B0E87797-5011-4DA6-82EA-1CFEAFC3DED3}.Debug|x86.Build.0 = Debug|Win32
		{B0E87797-5011-4DA6-82EA-1CFEAFC3DED3}.Release|x64.ActiveCfg = Release|x64
		{B0E87797-5011-4DA6-82EA-1CFEAFC3DED3}.Release|x64.Build.0 = Release|x64
		{B0E87797-5011-4DA6-82EA-1CFEAFC3DED3}.Release|x86.ActiveCfg = Release|Win32
		{B0E87797-5011-4DA6-82EA-1CFEAFC3DED3}.Release|x86.Build.0 = Release|Win32
		{88D261A5-3A26-453A-BCE6-B3F269AC9ED2}.Debug|x64.ActiveCfg = Debug|x64
		{88D261A5-3A26-453A-BCE6-B3F269AC9ED2}.Debug|x64.Build.0 = Debug|x64
		{88D261A5-3A26-453A-BCE6-B3F269AC9ED2}.Debug|x86.ActiveCfg = Debug|Win32
		{88D261A5-3A26-453A-BCE6-B3F269AC9ED2}.Debug|x86.Build.0 = Debug|Win32
		{88D261A5-3A26-453A-BCE6-B3F269AC9ED2}.Release|x64.ActiveCfg = Release|x64
		{88D261A5-3A26-453A-BCE6-B3F269AC9ED2}.Release|x64.Build.0 = Release|x64
		{88D261A5-3A26-453A-BCE6-B3F269AC9ED2}.Release|x86.ActiveCfg = Release|Win32
		{88D261A5-3A26-453A-BCE6-B3F269AC9ED2}.Release|x86.Build.0 = Release|Win32
		{24D0487B-40B2-4790-871C-758DD9F456F5}.Debug|x64.ActiveCfg = Debug|x64
		{24D0487B-40B2-4790-871C-758DD9F456F5}.Debug|x64.Build.0 = Debug|x64
		{24D0487B-40B2-4790-871C-758DD9F456F5}.Debug|x86.ActiveCfg = Debug|Win32
		{24D0487B-40B2-4790-871C-758DD9F456F5}.Debug|x86.Build.0 = Debug|Win32
		{24D0487B-40B2-4790-871C-758DD9F456F5}.Release|x64.ActiveCfg = Release|x64
		{24D0487B-40B2-4790-871C-758DD9F456F5}.Release|x64.Build.0 = Release|x64
		{24D0487B-40B2-4790-871C-758DD9F456F5}.Release|x86.ActiveCfg = Release|Win32
		{24D0487B-40B2-4790-871C-758DD9F456F5}.Release|x86.Build.0 = Release|Win32
		{B779522C-53AC-4658-88BE-35192481F6DA}.Debug|x64.ActiveCfg = Debug|x64
		{B779522C-53AC-4658-88BE-35192481F6DA}.Debug|x64.Build.0 = Debug|x64
		{B779522C-53AC-4658-88BE-35192481F6DA}.Debug|x86.ActiveCfg = Debug|Win32
		{B779522C-53AC-4658-88BE-35192481F6DA}.Debug|x86.Build.0 = Debug|Win32
		{B779522C-53AC-4658-88BE-35192481F6DA}.Release|x64.ActiveCfg = Release|x64
		{B779522C-53AC-4658-88BE-35192481F6DA}.Release|x64.Build.0 = Release|x64
		{B779522C-53AC-4658-88BE-35192481F6DA}.Release|x86.ActiveCfg = Release|Win32
		{B779522C-53AC-4658-88BE-35192481F6DA}.Release|x86.Build.0 = Release|Win32
		{D4E382BE-AF73-4D1A-AA45-F0C17F08004D}.Debug|x64.ActiveCfg = Debug|x64
		{D4E382BE-AF73-4D1A-AA45-F0C17F08004D}.Debug|x64.Build.0 = Debug|x64
		{D4E382BE-AF73-4D1A-AA45-F0C17F08004D}.Debug|x86.ActiveCfg = Debug|Win32
		{D4E382BE-AF73-4D1A-AA45-F0C17F08004D}.Debug|x86.Build.0 = Debug|Win32
		{D4E382BE-AF73-4D1A-AA45-F0C17F08004D}.Release|x64.ActiveCfg = Release|x64
		{D4E382BE-AF73-4D1A-AA45-F0C17F08004D}.Release|x64.Build.0 = Release|x64
		{D4E382BE-AF73-4D1A-AA45-F0C17F08004D}.Release|x86.ActiveCfg = Release|Win32
		{D4E382BE-AF73-4D1A-AA45-F0C17F08004D}.Release|x86.Build.0 = Release|Win32
		{3AE0C7FF-3C37-4530-B58F-6466FF7FA9F7}.Debug|x64.ActiveCfg = Debug|x64
		{3AE0C7FF-3C37-4530-B58F-6466FF7FA9F7}.Debug|x64.Build.0 = Debug|x64
		{3AE0C7FF-3C37-4530-B58F-6466FF7FA9F7}.Debug|x86.ActiveCfg = Debug|Win32
		{3AE0C7FF-3C37-4530-B58F-6466FF7FA9F7}.Debug|x86.Build.0 = Debug|Win32
		{3AE0C7FF-3C37-4530-B58F-6466FF7FA9F7}.Release|x64.ActiveCfg = Release|x64
		{3AE0C7FF-3C37-4530-B58F-6466FF7FA9F7}.Release|x64.Build.0 = Release|x64
		{3AE0C7FF-3C37-4530-B58F-6466FF7FA9F7}.Release|x86.ActiveCfg = Release|Win32
		{3AE0C7FF-3C37-4530-B58F-6466FF7FA9F7}.Release|x86.Build.0 = Release|Win32
		{ED2B967C-77FD-4DD7-A213-2C617C21CD20}.Debug|x64.ActiveCfg = Debug|x64
		{ED2B967C-77FD-4DD7-A213-2C617C21CD20}.Debug|x64.Build.0 = Debug|x64
		{ED2B967C-77FD-4DD7-A213-2C617C21CD20}.Debug|x86.ActiveCfg = Debug|Win32
		{ED2B967C-77FD-4DD7-A213-2C617C21CD20}.Debug|x86.Build.0 = Debug|Win32
		{ED2B967C-77FD-4DD7-A213-2C617C21CD20}.Release|x64.ActiveCfg = Release|x64
		{ED2B967C-77FD-4DD7-A213-2C617C21CD20}.Release|x64.Build.0 = Release|x64
		{ED2B967C-77FD-4DD7-A213-2C617C21CD20}.Release|x86.ActiveCfg = Release|Win32
		{ED2B967C-77FD-4DD7-A213-2C617C21CD20}.Release|x86.Build.0 = Release|Win32
		{C32F2A2C-8E11-4A13-8C85-64ACA14906D6}.Debug|x64.ActiveCfg = Debug|x64
		{C32F2A2C-8E11-4A13-8C85-64ACA14906D6}.Debug|x64.Build.0 = Debug|x64
		{C32F2A2C-8E11-4A13-8C85-64ACA14906D6}.Debug|x86.ActiveCfg = Debug|Win32
		{C32F2A2C-8E11-4A13-8C85-64ACA14906D6}.Debug|x86.Build.0 = Debug|Win32
		{C32F2A2C-8E11-4A13-8C85-64ACA14906D6}.Release|x64.ActiveCfg = Release|x64
		{C32F2A2C-8E11-4A13-8C85-64ACA14906D6}.Release|x64.Build.0 = Release|x64
		{C32F2A2C-8E11-4A13-8C85-64ACA14906D6}.Release|x86.ActiveCfg = Release|Win32
		{C32F2A2C-8E11-4A13-8C85-64ACA14906D6}.Release|x86.Build.0 = Release|Win32
		{8D9F0F7B-0367-44E9-82A0-E83E95C3F3CB}.Debug|x64.ActiveCfg = Debug|x64
		{8D9F0F7B-0367-44E9-82A0-E83E95C3F3CB}.Debug|x64.Build.0 = Debug|x64
		{8D9F0F7B-0367-44E9-82A0-E83E95C3F3CB}.Debug|x86.ActiveCfg = Debug|Win32
		{8D9F0F7B-0367-44E9-82A0-E83E95C3F3CB}.Debug|x86.Build.0 = Debug|Win32
		{8D9F0F7B-0367-44E9-82A0-E83E95C3F3CB}.Release|x64.ActiveCfg = Release|x64
		{8D9F0F7B-0367-44E9-82A0-E83E95C3F3CB}.Release|x64.Build.0 = Release|x64
		{8D9F0F7B-0367-44E9-82A0-E83E95C3F3CB}.Release|x86.ActiveCfg = Release|Win32
		{8D9F0F7B-0367-44E9-82A0-E83E95C3F3CB}.Release|x86.Build.0 = Release|Win32
		{38CAAC5C-AAEF-4DB3-ACD7-1A5619631B79}.Debug|x64.ActiveCfg = Debug|x64
		{38CAAC5C-AAEF-4DB3-ACD7-1A5619631B79}.Debug|x64.Build.0 = Debug|x64
		{38CAAC5C-AAEF-4DB3-ACD7-1A5619631B79}.Debug|x86.ActiveCfg = Debug|Win32
		{38CAAC5C-AAEF-4DB3-ACD7-1A5619631B79}.Debug|x86.Build.0 = Debug|Win32
		{38CAAC5C-AAEF-4DB3-ACD7-1A5619631B79}.Release|x64.ActiveCfg = Release|x64
		{38CAAC5C-AAEF-4DB3-ACD7-1A5619631B79}.Release|x64.Build.0 = Release|x64
		{38CAAC5C-AAEF-4DB3-ACD7-1A5619631B79}.Release|x86.ActiveCfg = Release|Win32
		{38CAAC5C-AAEF-4DB3-ACD7-1A5619631B79}.Release|x86.Build.0 = Release|Win32
		{D69C5D4E-3B6F-4AC6-9C63-BA870249354C}.Debug|x64.ActiveCfg = Debug|x64
		{D69C5D4E-3B6F-4AC6-9C63-BA870249354C}.Debug|x64.Build.0 = Debug|x64
		{D69C5D4E-3B6F-4AC6-9C63-BA870249354C}.Debug|x86.ActiveCfg = Debug|Win32
		{D69C5D4E-3B6F-4AC6-9C63-BA870249354C}.Debug|x86.Build.0 = Debug|Win32
		{D69C5D4E-3B6F-4AC6-9C63-BA870249354C}.Release|x64.ActiveCfg = Release|x64
		{D69C5D4E-3B6F-4AC6-9C63-BA870249354C}.Release|x64.Build.0 = Release|x64
		{D69C5D4E-3B6F-4AC6-9C63-BA870249354C}.Release|x86.ActiveCfg = Release|Win32
		{D69C5D4E-3B6F-4AC6-9C63-BA870249354C}.Release|x86.Build.0 = Release|Win32
		{02E36457-2693-4F96-9AAE-07B681079239}.Debug|x64.ActiveCfg = Debug|x64
		{02E36457-2693-4F96-9AAE-07B681079239}.Debug|x64.Build.0 = Debug|x64
		{02E36457-2693-4F96-9AAE-07B681079239}.Debug|x86.ActiveCfg = Debug|Win32
		{02E36457-2693-4F96-9AAE-07B681079239}.Debug|x86.Build.0 = Debug|Win32
		{02E36457-2693-4F96-9AAE-07B681079239}.Release|x64.ActiveCfg = Release|x64
		{02E36457-2693-4F96-9AAE-07B681079239}.Release|x64.Build.0 = Release|x64
		{02E36457-2693-4F96-9AAE-07B681079239}.Release|x86.ActiveCfg = Release|Win32
		{02E36457-2693-4F96-9AAE-07B681079239}.Release|x86.Build.0 = Release|Win32
		{E337979B-8C21-4FCE-96BF-6064A26633C5}.Debug|x64.ActiveCfg = Debug|x64
		{E337979B-8C21-4FCE-96BF-6064A26633C5}.Debug|x64.Build.0 = Debug|x64
		{E337979B-8C21-4FCE-96BF-6064A26633C5}.Debug|x86.ActiveCfg = Debug|Win32
		{E337979B-8C21-4FCE-96BF-6064A26633C5}.Debug|x86.Build.0 = Debug|Win32
		{E337979B-8C21-4FCE-96BF-6064A26633C5}.Release|x64.ActiveCfg = Release|x64
		{E337979B-8C21-4FCE-96BF-6064A26633C5}.Release|x64.Build.0 = Release|x64
		{E337979B-8C21-4FCE-96BF-6064A26633C5}.Release|x86.ActiveCfg = Release|Win32
		{E337979B-8C21-4FCE-96BF-6064A26633C5}.Release|x86.Build.0 = Release|Win32
		{47166490-D402-4A21-A886-34700F88ADB6}.Debug|x64.ActiveCfg = Debug|x64
		{47166490-D402-4A21-A886-34700F88ADB6}.Debug|x64.Build.0 = Debug|x64
		{47166490-D402-4A21-A886-34700F88ADB6}.Debug|x86.ActiveCfg = Debug|Win32
		{47166490-D402-4A21-A886-34700F88ADB6}.Debug|x86.Build.0 = Debug|Win32
		{47166490-D402-4A21-A886-34700F88ADB6}.Release|x64.ActiveCfg = Release|x64
		{47166490-D402-4A21-A886-34700F88ADB6}.Release|x64.Build.0 = Release|x64
		{47166490-D402-4A21-A886-34700F88ADB6}.Release|x86.ActiveCfg = Release|Win32
		{47166490-D402-4A21-A886-34700F88ADB6}.Release|x86.Build.0 = Release|Win32
		{F822C0C6-E42A-4FFA-896F-7C5C845BDE6D}.Debug|x64.ActiveCfg = Debug|x64
		{F822C0C6-E42A-4FFA-896F-7C5C845BDE6D}.Debug|x64.Build.0 = Debug|x64
		{F822C0C6-E42A-4FFA-896F-7C5C845BDE6D}.Debug|x86.ActiveCfg = Debug|Win32
		{F822C0C6-E42A-4FFA-896F-7C5C845BDE6D}.Debug|x86.Build.0 = Debug|Win32
		{F822C0C6-E42A-4FFA-896F-7C5C845BDE6D}.Release|x64.ActiveCfg = Release|x64
		{F822C0C6-E42A-4FFA-896F-7C5C845BDE6D}.Release|x64.Build.0 = Release|x64
		{F822C0C6-E42A-4FFA-896F-7C5C845BDE6D}.Release|x86.ActiveCfg = Release|Win32
		{F822C0C6-E42A-4FFA-896F-7C5C845BDE6D}.Release|x86.Build.0 = Release|Win32
		{24246E7C-3C5B-40A0-97EF-E1CF65EFD947}.Debug|x64.ActiveCfg = Debug|x64
		{24246E7C-3C5B-40A0-97EF-E1CF65EFD947}.Debug|x64.Build.0 = Debug|x64
		{24246E7C-3C5B-40A0-97EF-E1CF65EFD947}.Debug|x86.ActiveCfg = Debug|Win32
		{24246E7C-3C5B-40A0-97EF-E1CF65EFD947}.Debug|x86.Build.0 = Debug|Win32
		{24246E7C-3C5B-40A0-97EF-E1CF65EFD947}.Release|x64.ActiveCfg = Release|x64
		{24246E7C-3C5B-40A0-97EF-E1CF65EFD947}.Release|x64.Build.0 = Release|x64
		{24246E7C-3C5B-40A0-97EF-E1CF65EFD947}.Release|x86.ActiveCfg = Release|Win32
		{24246E7C-3C5B-40A0-97EF-E1CF65EFD947}.Release|x86.Build.0 = Release|Win32
		{BF670968-8D12-47F6-A73B-70BDEF89A010}.Debug|x64.ActiveCfg = Debug|x64
		{BF670968-8D12-47F6-A73B-70BDEF89A010}.Debug|x64.Build.0 = Debug|x64
		{BF670968-8D12-47F6-A73B-70BDEF89A010}.Debug|x86.ActiveCfg = Debug|Win32
		{BF670968-8D12-47F6-A73B-70BDEF89A010}.Debug|x86.Build.0 = Debug|Win32
		{BF670968-8D12-47F6-A73B-70BDEF89A010}.Release|x64.ActiveCfg = Release|x64
		{BF670968-8D12-47F6-A73B-70BDEF89A010}.Release|x64.Build.0 = Release|x64
		{BF670968-8D12-47F6-A73B-70BDEF89A010}.Release|x86.ActiveCfg = Release|Win32
		{BF670968-8D12-47F6-A73B-70BDEF89A010}.Release|x86.Build.0 = Release|Win32
		{EAF98690-CB20-47C0-8AF8-87D73BF712A2}.Debug|x64.ActiveCfg = Debug|x64
		{EAF98690-CB20-47C0-8AF8-87D73BF712A2}.Debug|x64.Build.0 = Debug|x64
		{EAF98690-CB20-47C0-8AF8-87D73BF712A2}.Debug|x86.ActiveCfg = Debug|Win32
		{EAF98690-CB20-47C0-8AF8-87D73BF712A2}.Debug|x86.Build.0 = Debug|Win32
		{EAF98690-CB20-47C0-8AF8-87D73BF712A2}.Release|x64.ActiveCfg = Release|x64
		{EAF98690-CB20-47C0-8AF8-87D73BF712A2}.Release|x64.Build.0 = Release|x64
		{EAF98690-CB20-47C0-8AF8-87D73BF712A2}.Release|x86.ActiveCfg = Release|Win32
		{EAF98690-CB20-47C0-8AF8-87D73BF712A2}.Release|x86.Build.0 = Release|Win32
		{02574580-A580-48DB-A0E4-F21082A585C3}.Debug|x64.ActiveCfg = Debug|x64
		{02574580-A580-48DB-A0E4-F21082A585C3}.Debug|x64.Build.0 = Debug|x64
		{02574580-A580-48DB-A0E4-F21082A585C3}.Debug|x86.ActiveCfg = Debug|Win32
		{02574580-A580-48DB-A0E4-F21082A585C3}.Debug|x86.Build.0 = Debug|Win32
		{02574580-A580-48DB-A0E4-F21082A585C3}.Release|x64.ActiveCfg = Release|x64
		{02574580-A580-48DB-A0E4-F21082A585C3}.Release|x64.Build.0 = Release|x64
		{02574580-A580-48DB-A0E4-F21082A585C3}.Release|x86.ActiveCfg = Release|Win32
		{02574580-A580-48DB-A0E4-F21082A585C3}.Release|x86.Build.0 = Release|Win32
		{480A8931-EBDE-4A02-A287-A5D26B86C6ED}.Debug|x64.ActiveCfg = Debug|x64
		{480A8931-EBDE-4A02-A287-A5D26B86C6ED}.Debug|x64.Build.0 = Debug|x64
		{480A8931-EBDE-4A02-A287-A5D26B86C6ED}.Debug|x86.ActiveCfg = Debug|Win32
		{480A8931-EBDE-4A02-A287-A5D26B86C6ED}.Debug|x86.Build.0 = Debug|Win32
		{480A8931-EBDE-4A02-A287-A5D26B86C6ED}.Release|x64.ActiveCfg = Release|x64
		{480A8931-EBDE-4A02-A287-A5D26B86C6ED}.Release|x64.Build.0 = Release|x64
		{480A8931-EBDE-4A02-A287-A5D26B86C6ED}.Release|x86.ActiveCfg = Release|Win32
		{480A8931-EBDE-4A02-A287-A5D26B86C6ED}.Release|x86.Build.0 = Release|Win32
	EndGlobalSection
	GlobalSection(SolutionProperties) = preSolution
		HideSolutionNode = FALSE
	EndGlobalSection
	GlobalSection(ExtensibilityGlobals) = postSolution
		SolutionGuid = {23BE3374-78BF-45CF-9481-77ECB12D44C3}
	EndGlobalSection
EndGlobal
